
Microsoft Visual Studio Solution File, Format Version 12.00
# Visual Studio Version 17
VisualStudioVersion = 17.0.32014.148
MinimumVisualStudioVersion = 10.0.40219.1
Project("{911E67C6-3D85-4FCE-B560-20A9C3E3FF48}") = "fleetops", "fleetops.exe", "{9880F60D-434C-4609-A86A-C2FB602A786C}"
	ProjectSection(DebuggerProjectSystem) = preProject
		PortSupplier = 00000000-0000-0000-0000-000000000000
		Executable = c:\games\fo3.2.3\data\armada2.exe
		RemoteMachine = CRIPPLE
		StartingDirectory = c:\games\fo3.2.3\data
		Arguments = 
		Environment = Default
		LaunchingEngine = 00000000-0000-0000-0000-000000000000
		UseLegacyDebugEngines = No
		LaunchSQLEngine = No
		AttachLaunchAction = No
		IORedirection = Auto
	EndProjectSection
EndProject
Project("{8BC9CEB8-8B4A-11D0-8D11-00A0C91BC942}") = "mmm_loader", "mmm_loader.vcxproj", "{EDC12CA6-46B1-44F2-B2F5-2B00EEED9723}"
EndProject
Project("{8BC9CEB8-8B4A-11D0-8D11-00A0C91BC942}") = "mmm_armada", "..\mmm_armada\mmm_armada.vcxproj", "{3DB607F3-3E96-459C-BCC8-EC17746903EC}"
EndProject
Project("{8BC9CEB8-8B4A-11D0-8D11-00A0C91BC942}") = "mmm_common", "..\mmm_common\mmm_common.vcxproj", "{87CFC5D8-D3C2-4B66-ABDB-C2E3C593EF01}"
	ProjectSection(ProjectDependencies) = postProject
		{4283D7ED-2CFF-4506-B930-19F1C385B3BF} = {4283D7ED-2CFF-4506-B930-19F1C385B3BF}
	EndProjectSection
EndProject
Project("{8BC9CEB8-8B4A-11D0-8D11-00A0C91BC942}") = "mmm_database", "..\mmm_database\mmm_database.vcxproj", "{48EFAC08-685D-45B9-B043-020308611494}"
EndProject
Project("{8BC9CEB8-8B4A-11D0-8D11-00A0C91BC942}") = "mmm_luapack", "..\mmm_luapack\mmm_luapack.vcxproj", "{4283D7ED-2CFF-4506-B930-19F1C385B3BF}"
EndProject
Project("{FAE04EC0-301F-11D3-BF4B-00C04F79EFBC}") = "mmm_debugger", "..\mmm_debugger\mmm_debugger.csproj", "{BA8819FB-3B0E-44C7-AB4C-446728F751CE}"
EndProject
Project("{2150E333-8FDC-42A3-9474-1A3956D46DE8}") = "Runtime", "Runtime", "{3BED2A76-F280-402C-8054-2ED3EF1FCA15}"
EndProject
Project("{2150E333-8FDC-42A3-9474-1A3956D46DE8}") = "Debugger", "Debugger", "{56C9E67C-B29B-462E-A463-D8043FADC90E}"
EndProject
Project("{2150E333-8FDC-42A3-9474-1A3956D46DE8}") = "External", "External", "{7A3A6270-71BB-461D-8C6E-6487F32CFC31}"
EndProject
Project("{8BC9CEB8-8B4A-11D0-8D11-00A0C91BC942}") = "zlibstat", "..\external\zlib\contrib\vstudio\vc14\zlibstat.vcxproj", "{745DEC58-EBB3-47A9-A9B8-4C6627C01BF8}"
EndProject
Project("{8BC9CEB8-8B4A-11D0-8D11-00A0C91BC942}") = "LuaBind", "..\external\luabind\LuaBind.vcxproj", "{8A6D737F-7D03-4847-9C65-2DC4D6FA3716}"
EndProject
Project("{8BC9CEB8-8B4A-11D0-8D11-00A0C91BC942}") = "lua", "..\external\lua\lua.vcxproj", "{2A4F1E89-71AC-46C3-A711-1A4D67ACCDF5}"
EndProject
Global
	GlobalSection(SolutionConfigurationPlatforms) = preSolution
		Debug|Any CPU = Debug|Any CPU
		Debug|Itanium = Debug|Itanium
		Debug|Mixed Platforms = Debug|Mixed Platforms
		Debug|Win32 = Debug|Win32
		Debug|x64 = Debug|x64
		Debug|x86 = Debug|x86
		Debugger Debug|Any CPU = Debugger Debug|Any CPU
		Debugger Debug|Itanium = Debugger Debug|Itanium
		Debugger Debug|Mixed Platforms = Debugger Debug|Mixed Platforms
		Debugger Debug|Win32 = Debugger Debug|Win32
		Debugger Debug|x64 = Debugger Debug|x64
		Debugger Debug|x86 = Debugger Debug|x86
		Debugger|Any CPU = Debugger|Any CPU
		Debugger|Itanium = Debugger|Itanium
		Debugger|Mixed Platforms = Debugger|Mixed Platforms
		Debugger|Win32 = Debugger|Win32
		Debugger|x64 = Debugger|x64
		Debugger|x86 = Debugger|x86
		DocAppDebug|Any CPU = DocAppDebug|Any CPU
		DocAppDebug|Itanium = DocAppDebug|Itanium
		DocAppDebug|Mixed Platforms = DocAppDebug|Mixed Platforms
		DocAppDebug|Win32 = DocAppDebug|Win32
		DocAppDebug|x64 = DocAppDebug|x64
		DocAppDebug|x86 = DocAppDebug|x86
		DocAppRelease|Any CPU = DocAppRelease|Any CPU
		DocAppRelease|Itanium = DocAppRelease|Itanium
		DocAppRelease|Mixed Platforms = DocAppRelease|Mixed Platforms
		DocAppRelease|Win32 = DocAppRelease|Win32
		DocAppRelease|x64 = DocAppRelease|x64
		DocAppRelease|x86 = DocAppRelease|x86
		Release|Any CPU = Release|Any CPU
		Release|Itanium = Release|Itanium
		Release|Mixed Platforms = Release|Mixed Platforms
		Release|Win32 = Release|Win32
		Release|x64 = Release|x64
		Release|x86 = Release|x86
		ScriptAppDebug|Any CPU = ScriptAppDebug|Any CPU
		ScriptAppDebug|Itanium = ScriptAppDebug|Itanium
		ScriptAppDebug|Mixed Platforms = ScriptAppDebug|Mixed Platforms
		ScriptAppDebug|Win32 = ScriptAppDebug|Win32
		ScriptAppDebug|x64 = ScriptAppDebug|x64
		ScriptAppDebug|x86 = ScriptAppDebug|x86
		ScriptAppRelease|Any CPU = ScriptAppRelease|Any CPU
		ScriptAppRelease|Itanium = ScriptAppRelease|Itanium
		ScriptAppRelease|Mixed Platforms = ScriptAppRelease|Mixed Platforms
		ScriptAppRelease|Win32 = ScriptAppRelease|Win32
		ScriptAppRelease|x64 = ScriptAppRelease|x64
		ScriptAppRelease|x86 = ScriptAppRelease|x86
	EndGlobalSection
	GlobalSection(ProjectConfigurationPlatforms) = postSolution
		{9880F60D-434C-4609-A86A-C2FB602A786C}.Debug|Any CPU.ActiveCfg = Debug|x86
		{9880F60D-434C-4609-A86A-C2FB602A786C}.Debug|Itanium.ActiveCfg = Debug|x86
		{9880F60D-434C-4609-A86A-C2FB602A786C}.Debug|Mixed Platforms.ActiveCfg = Debug|x86
		{9880F60D-434C-4609-A86A-C2FB602A786C}.Debug|Win32.ActiveCfg = Debug|x86
		{9880F60D-434C-4609-A86A-C2FB602A786C}.Debug|x64.ActiveCfg = Debug|x86
		{9880F60D-434C-4609-A86A-C2FB602A786C}.Debug|x86.ActiveCfg = Debug|x86
		{9880F60D-434C-4609-A86A-C2FB602A786C}.Debugger Debug|Any CPU.ActiveCfg = Debug|x86
		{9880F60D-434C-4609-A86A-C2FB602A786C}.Debugger Debug|Itanium.ActiveCfg = Release
		{9880F60D-434C-4609-A86A-C2FB602A786C}.Debugger Debug|Mixed Platforms.ActiveCfg = Debug|x86
		{9880F60D-434C-4609-A86A-C2FB602A786C}.Debugger Debug|Win32.ActiveCfg = Debug|x86
		{9880F60D-434C-4609-A86A-C2FB602A786C}.Debugger Debug|x64.ActiveCfg = Release
		{9880F60D-434C-4609-A86A-C2FB602A786C}.Debugger Debug|x86.ActiveCfg = Debug|x86
		{9880F60D-434C-4609-A86A-C2FB602A786C}.Debugger|Any CPU.ActiveCfg = Debug|x86
		{9880F60D-434C-4609-A86A-C2FB602A786C}.Debugger|Itanium.ActiveCfg = Release
		{9880F60D-434C-4609-A86A-C2FB602A786C}.Debugger|Mixed Platforms.ActiveCfg = Debug|x86
		{9880F60D-434C-4609-A86A-C2FB602A786C}.Debugger|Win32.ActiveCfg = Debug|x86
		{9880F60D-434C-4609-A86A-C2FB602A786C}.Debugger|x64.ActiveCfg = Release
		{9880F60D-434C-4609-A86A-C2FB602A786C}.Debugger|x86.ActiveCfg = Debug|x86
		{9880F60D-434C-4609-A86A-C2FB602A786C}.DocAppDebug|Any CPU.ActiveCfg = Debug|x86
		{9880F60D-434C-4609-A86A-C2FB602A786C}.DocAppDebug|Itanium.ActiveCfg = Release
		{9880F60D-434C-4609-A86A-C2FB602A786C}.DocAppDebug|Mixed Platforms.ActiveCfg = Debug|x86
		{9880F60D-434C-4609-A86A-C2FB602A786C}.DocAppDebug|Win32.ActiveCfg = Debug|x86
		{9880F60D-434C-4609-A86A-C2FB602A786C}.DocAppDebug|x64.ActiveCfg = Release
		{9880F60D-434C-4609-A86A-C2FB602A786C}.DocAppDebug|x86.ActiveCfg = Debug|x86
		{9880F60D-434C-4609-A86A-C2FB602A786C}.DocAppRelease|Any CPU.ActiveCfg = Debug|x86
		{9880F60D-434C-4609-A86A-C2FB602A786C}.DocAppRelease|Itanium.ActiveCfg = Release
		{9880F60D-434C-4609-A86A-C2FB602A786C}.DocAppRelease|Mixed Platforms.ActiveCfg = Debug|x86
		{9880F60D-434C-4609-A86A-C2FB602A786C}.DocAppRelease|Win32.ActiveCfg = Debug|x86
		{9880F60D-434C-4609-A86A-C2FB602A786C}.DocAppRelease|x64.ActiveCfg = Release
		{9880F60D-434C-4609-A86A-C2FB602A786C}.DocAppRelease|x86.ActiveCfg = Debug|x86
		{9880F60D-434C-4609-A86A-C2FB602A786C}.Release|Any CPU.ActiveCfg = Debug|x86
		{9880F60D-434C-4609-A86A-C2FB602A786C}.Release|Itanium.ActiveCfg = Release
		{9880F60D-434C-4609-A86A-C2FB602A786C}.Release|Mixed Platforms.ActiveCfg = Debug|x86
		{9880F60D-434C-4609-A86A-C2FB602A786C}.Release|Win32.ActiveCfg = Debug|x86
		{9880F60D-434C-4609-A86A-C2FB602A786C}.Release|x64.ActiveCfg = Release
		{9880F60D-434C-4609-A86A-C2FB602A786C}.Release|x86.ActiveCfg = Debug|x86
		{9880F60D-434C-4609-A86A-C2FB602A786C}.ScriptAppDebug|Any CPU.ActiveCfg = Debug|x86
		{9880F60D-434C-4609-A86A-C2FB602A786C}.ScriptAppDebug|Itanium.ActiveCfg = Release
		{9880F60D-434C-4609-A86A-C2FB602A786C}.ScriptAppDebug|Mixed Platforms.ActiveCfg = Debug|x86
		{9880F60D-434C-4609-A86A-C2FB602A786C}.ScriptAppDebug|Win32.ActiveCfg = Debug|x86
		{9880F60D-434C-4609-A86A-C2FB602A786C}.ScriptAppDebug|x64.ActiveCfg = Release
		{9880F60D-434C-4609-A86A-C2FB602A786C}.ScriptAppDebug|x86.ActiveCfg = Debug|x86
		{9880F60D-434C-4609-A86A-C2FB602A786C}.ScriptAppRelease|Any CPU.ActiveCfg = Debug|x86
		{9880F60D-434C-4609-A86A-C2FB602A786C}.ScriptAppRelease|Itanium.ActiveCfg = Release
		{9880F60D-434C-4609-A86A-C2FB602A786C}.ScriptAppRelease|Mixed Platforms.ActiveCfg = Debug|x86
		{9880F60D-434C-4609-A86A-C2FB602A786C}.ScriptAppRelease|Win32.ActiveCfg = Debug|x86
		{9880F60D-434C-4609-A86A-C2FB602A786C}.ScriptAppRelease|x64.ActiveCfg = Release
		{9880F60D-434C-4609-A86A-C2FB602A786C}.ScriptAppRelease|x86.ActiveCfg = Debug|x86
		{EDC12CA6-46B1-44F2-B2F5-2B00EEED9723}.Debug|Any CPU.ActiveCfg = Debug|Win32
		{EDC12CA6-46B1-44F2-B2F5-2B00EEED9723}.Debug|Any CPU.Build.0 = Debug|Win32
		{EDC12CA6-46B1-44F2-B2F5-2B00EEED9723}.Debug|Itanium.ActiveCfg = Debug|Win32
		{EDC12CA6-46B1-44F2-B2F5-2B00EEED9723}.Debug|Mixed Platforms.ActiveCfg = Debug|Win32
		{EDC12CA6-46B1-44F2-B2F5-2B00EEED9723}.Debug|Mixed Platforms.Build.0 = Debug|Win32
		{EDC12CA6-46B1-44F2-B2F5-2B00EEED9723}.Debug|Win32.ActiveCfg = Debug|Win32
		{EDC12CA6-46B1-44F2-B2F5-2B00EEED9723}.Debug|Win32.Build.0 = Debug|Win32
		{EDC12CA6-46B1-44F2-B2F5-2B00EEED9723}.Debug|x64.ActiveCfg = Debug|Win32
		{EDC12CA6-46B1-44F2-B2F5-2B00EEED9723}.Debug|x86.ActiveCfg = Debug|Win32
		{EDC12CA6-46B1-44F2-B2F5-2B00EEED9723}.Debugger Debug|Any CPU.ActiveCfg = Debugger|Win32
		{EDC12CA6-46B1-44F2-B2F5-2B00EEED9723}.Debugger Debug|Itanium.ActiveCfg = ScriptAppRelease|Win32
		{EDC12CA6-46B1-44F2-B2F5-2B00EEED9723}.Debugger Debug|Itanium.Build.0 = ScriptAppRelease|Win32
		{EDC12CA6-46B1-44F2-B2F5-2B00EEED9723}.Debugger Debug|Mixed Platforms.ActiveCfg = Debugger|Win32
		{EDC12CA6-46B1-44F2-B2F5-2B00EEED9723}.Debugger Debug|Mixed Platforms.Build.0 = Debugger|Win32
		{EDC12CA6-46B1-44F2-B2F5-2B00EEED9723}.Debugger Debug|Win32.ActiveCfg = Debug|Win32
		{EDC12CA6-46B1-44F2-B2F5-2B00EEED9723}.Debugger Debug|Win32.Build.0 = Debug|Win32
		{EDC12CA6-46B1-44F2-B2F5-2B00EEED9723}.Debugger Debug|x64.ActiveCfg = ScriptAppRelease|Win32
		{EDC12CA6-46B1-44F2-B2F5-2B00EEED9723}.Debugger Debug|x64.Build.0 = ScriptAppRelease|Win32
		{EDC12CA6-46B1-44F2-B2F5-2B00EEED9723}.Debugger Debug|x86.ActiveCfg = Debugger|Win32
		{EDC12CA6-46B1-44F2-B2F5-2B00EEED9723}.Debugger|Any CPU.ActiveCfg = Debugger|Win32
		{EDC12CA6-46B1-44F2-B2F5-2B00EEED9723}.Debugger|Itanium.ActiveCfg = Debugger|Win32
		{EDC12CA6-46B1-44F2-B2F5-2B00EEED9723}.Debugger|Mixed Platforms.ActiveCfg = Debugger|Win32
		{EDC12CA6-46B1-44F2-B2F5-2B00EEED9723}.Debugger|Win32.ActiveCfg = Debugger|Win32
		{EDC12CA6-46B1-44F2-B2F5-2B00EEED9723}.Debugger|Win32.Build.0 = Debugger|Win32
		{EDC12CA6-46B1-44F2-B2F5-2B00EEED9723}.Debugger|x64.ActiveCfg = Debugger|Win32
		{EDC12CA6-46B1-44F2-B2F5-2B00EEED9723}.Debugger|x86.ActiveCfg = Debugger|Win32
		{EDC12CA6-46B1-44F2-B2F5-2B00EEED9723}.DocAppDebug|Any CPU.ActiveCfg = DocAppDebug|Win32
		{EDC12CA6-46B1-44F2-B2F5-2B00EEED9723}.DocAppDebug|Itanium.ActiveCfg = DocAppDebug|Win32
		{EDC12CA6-46B1-44F2-B2F5-2B00EEED9723}.DocAppDebug|Mixed Platforms.ActiveCfg = DocAppDebug|Win32
		{EDC12CA6-46B1-44F2-B2F5-2B00EEED9723}.DocAppDebug|Win32.ActiveCfg = DocAppDebug|Win32
		{EDC12CA6-46B1-44F2-B2F5-2B00EEED9723}.DocAppDebug|Win32.Build.0 = DocAppDebug|Win32
		{EDC12CA6-46B1-44F2-B2F5-2B00EEED9723}.DocAppDebug|x64.ActiveCfg = DocAppDebug|Win32
		{EDC12CA6-46B1-44F2-B2F5-2B00EEED9723}.DocAppDebug|x86.ActiveCfg = DocAppDebug|Win32
		{EDC12CA6-46B1-44F2-B2F5-2B00EEED9723}.DocAppRelease|Any CPU.ActiveCfg = DocAppRelease|Win32
		{EDC12CA6-46B1-44F2-B2F5-2B00EEED9723}.DocAppRelease|Itanium.ActiveCfg = DocAppRelease|Win32
		{EDC12CA6-46B1-44F2-B2F5-2B00EEED9723}.DocAppRelease|Mixed Platforms.ActiveCfg = DocAppRelease|Win32
		{EDC12CA6-46B1-44F2-B2F5-2B00EEED9723}.DocAppRelease|Win32.ActiveCfg = DocAppRelease|Win32
		{EDC12CA6-46B1-44F2-B2F5-2B00EEED9723}.DocAppRelease|Win32.Build.0 = DocAppRelease|Win32
		{EDC12CA6-46B1-44F2-B2F5-2B00EEED9723}.DocAppRelease|x64.ActiveCfg = DocAppRelease|Win32
		{EDC12CA6-46B1-44F2-B2F5-2B00EEED9723}.DocAppRelease|x86.ActiveCfg = DocAppRelease|Win32
		{EDC12CA6-46B1-44F2-B2F5-2B00EEED9723}.Release|Any CPU.ActiveCfg = Release|Win32
		{EDC12CA6-46B1-44F2-B2F5-2B00EEED9723}.Release|Any CPU.Build.0 = Release|Win32
		{EDC12CA6-46B1-44F2-B2F5-2B00EEED9723}.Release|Itanium.ActiveCfg = Release|Win32
		{EDC12CA6-46B1-44F2-B2F5-2B00EEED9723}.Release|Mixed Platforms.ActiveCfg = Release|Win32
		{EDC12CA6-46B1-44F2-B2F5-2B00EEED9723}.Release|Mixed Platforms.Build.0 = Release|Win32
		{EDC12CA6-46B1-44F2-B2F5-2B00EEED9723}.Release|Win32.ActiveCfg = Release|Win32
		{EDC12CA6-46B1-44F2-B2F5-2B00EEED9723}.Release|Win32.Build.0 = Release|Win32
		{EDC12CA6-46B1-44F2-B2F5-2B00EEED9723}.Release|x64.ActiveCfg = Release|Win32
		{EDC12CA6-46B1-44F2-B2F5-2B00EEED9723}.Release|x86.ActiveCfg = Release|Win32
		{EDC12CA6-46B1-44F2-B2F5-2B00EEED9723}.ScriptAppDebug|Any CPU.ActiveCfg = ScriptAppDebug|Win32
		{EDC12CA6-46B1-44F2-B2F5-2B00EEED9723}.ScriptAppDebug|Itanium.ActiveCfg = ScriptAppDebug|Win32
		{EDC12CA6-46B1-44F2-B2F5-2B00EEED9723}.ScriptAppDebug|Mixed Platforms.ActiveCfg = ScriptAppDebug|Win32
		{EDC12CA6-46B1-44F2-B2F5-2B00EEED9723}.ScriptAppDebug|Win32.ActiveCfg = ScriptAppDebug|Win32
		{EDC12CA6-46B1-44F2-B2F5-2B00EEED9723}.ScriptAppDebug|Win32.Build.0 = ScriptAppDebug|Win32
		{EDC12CA6-46B1-44F2-B2F5-2B00EEED9723}.ScriptAppDebug|x64.ActiveCfg = ScriptAppDebug|Win32
		{EDC12CA6-46B1-44F2-B2F5-2B00EEED9723}.ScriptAppDebug|x86.ActiveCfg = ScriptAppDebug|Win32
		{EDC12CA6-46B1-44F2-B2F5-2B00EEED9723}.ScriptAppRelease|Any CPU.ActiveCfg = ScriptAppRelease|Win32
		{EDC12CA6-46B1-44F2-B2F5-2B00EEED9723}.ScriptAppRelease|Itanium.ActiveCfg = ScriptAppRelease|Win32
		{EDC12CA6-46B1-44F2-B2F5-2B00EEED9723}.ScriptAppRelease|Mixed Platforms.ActiveCfg = ScriptAppRelease|Win32
		{EDC12CA6-46B1-44F2-B2F5-2B00EEED9723}.ScriptAppRelease|Win32.ActiveCfg = ScriptAppRelease|Win32
		{EDC12CA6-46B1-44F2-B2F5-2B00EEED9723}.ScriptAppRelease|Win32.Build.0 = ScriptAppRelease|Win32
		{EDC12CA6-46B1-44F2-B2F5-2B00EEED9723}.ScriptAppRelease|x64.ActiveCfg = ScriptAppRelease|Win32
		{EDC12CA6-46B1-44F2-B2F5-2B00EEED9723}.ScriptAppRelease|x86.ActiveCfg = ScriptAppRelease|Win32
		{3DB607F3-3E96-459C-BCC8-EC17746903EC}.Debug|Any CPU.ActiveCfg = Debug|Win32
		{3DB607F3-3E96-459C-BCC8-EC17746903EC}.Debug|Any CPU.Build.0 = Debug|Win32
		{3DB607F3-3E96-459C-BCC8-EC17746903EC}.Debug|Itanium.ActiveCfg = Debug|Win32
		{3DB607F3-3E96-459C-BCC8-EC17746903EC}.Debug|Mixed Platforms.ActiveCfg = Debug|Win32
		{3DB607F3-3E96-459C-BCC8-EC17746903EC}.Debug|Mixed Platforms.Build.0 = Debug|Win32
		{3DB607F3-3E96-459C-BCC8-EC17746903EC}.Debug|Win32.ActiveCfg = Debug|Win32
		{3DB607F3-3E96-459C-BCC8-EC17746903EC}.Debug|Win32.Build.0 = Debug|Win32
		{3DB607F3-3E96-459C-BCC8-EC17746903EC}.Debug|x64.ActiveCfg = Debug|Win32
		{3DB607F3-3E96-459C-BCC8-EC17746903EC}.Debug|x86.ActiveCfg = Debug|Win32
		{3DB607F3-3E96-459C-BCC8-EC17746903EC}.Debugger Debug|Any CPU.ActiveCfg = Debugger|Win32
		{3DB607F3-3E96-459C-BCC8-EC17746903EC}.Debugger Debug|Itanium.ActiveCfg = ScriptAppRelease|Win32
		{3DB607F3-3E96-459C-BCC8-EC17746903EC}.Debugger Debug|Itanium.Build.0 = ScriptAppRelease|Win32
		{3DB607F3-3E96-459C-BCC8-EC17746903EC}.Debugger Debug|Mixed Platforms.ActiveCfg = Debugger|Win32
		{3DB607F3-3E96-459C-BCC8-EC17746903EC}.Debugger Debug|Mixed Platforms.Build.0 = Debugger|Win32
		{3DB607F3-3E96-459C-BCC8-EC17746903EC}.Debugger Debug|Win32.ActiveCfg = Debug|Win32
		{3DB607F3-3E96-459C-BCC8-EC17746903EC}.Debugger Debug|Win32.Build.0 = Debug|Win32
		{3DB607F3-3E96-459C-BCC8-EC17746903EC}.Debugger Debug|x64.ActiveCfg = ScriptAppRelease|Win32
		{3DB607F3-3E96-459C-BCC8-EC17746903EC}.Debugger Debug|x64.Build.0 = ScriptAppRelease|Win32
		{3DB607F3-3E96-459C-BCC8-EC17746903EC}.Debugger Debug|x86.ActiveCfg = Debugger|Win32
		{3DB607F3-3E96-459C-BCC8-EC17746903EC}.Debugger|Any CPU.ActiveCfg = Debugger|Win32
		{3DB607F3-3E96-459C-BCC8-EC17746903EC}.Debugger|Itanium.ActiveCfg = Debugger|Win32
		{3DB607F3-3E96-459C-BCC8-EC17746903EC}.Debugger|Mixed Platforms.ActiveCfg = Debugger|Win32
		{3DB607F3-3E96-459C-BCC8-EC17746903EC}.Debugger|Win32.ActiveCfg = Debugger|Win32
		{3DB607F3-3E96-459C-BCC8-EC17746903EC}.Debugger|Win32.Build.0 = Debugger|Win32
		{3DB607F3-3E96-459C-BCC8-EC17746903EC}.Debugger|x64.ActiveCfg = Debugger|Win32
		{3DB607F3-3E96-459C-BCC8-EC17746903EC}.Debugger|x86.ActiveCfg = Debugger|Win32
		{3DB607F3-3E96-459C-BCC8-EC17746903EC}.DocAppDebug|Any CPU.ActiveCfg = DocAppDebug|Win32
		{3DB607F3-3E96-459C-BCC8-EC17746903EC}.DocAppDebug|Itanium.ActiveCfg = DocAppDebug|Win32
		{3DB607F3-3E96-459C-BCC8-EC17746903EC}.DocAppDebug|Mixed Platforms.ActiveCfg = DocAppDebug|Win32
		{3DB607F3-3E96-459C-BCC8-EC17746903EC}.DocAppDebug|Win32.ActiveCfg = DocAppDebug|Win32
		{3DB607F3-3E96-459C-BCC8-EC17746903EC}.DocAppDebug|Win32.Build.0 = DocAppDebug|Win32
		{3DB607F3-3E96-459C-BCC8-EC17746903EC}.DocAppDebug|x64.ActiveCfg = DocAppDebug|Win32
		{3DB607F3-3E96-459C-BCC8-EC17746903EC}.DocAppDebug|x86.ActiveCfg = DocAppDebug|Win32
		{3DB607F3-3E96-459C-BCC8-EC17746903EC}.DocAppRelease|Any CPU.ActiveCfg = DocAppRelease|Win32
		{3DB607F3-3E96-459C-BCC8-EC17746903EC}.DocAppRelease|Itanium.ActiveCfg = DocAppRelease|Win32
		{3DB607F3-3E96-459C-BCC8-EC17746903EC}.DocAppRelease|Mixed Platforms.ActiveCfg = DocAppRelease|Win32
		{3DB607F3-3E96-459C-BCC8-EC17746903EC}.DocAppRelease|Win32.ActiveCfg = DocAppRelease|Win32
		{3DB607F3-3E96-459C-BCC8-EC17746903EC}.DocAppRelease|Win32.Build.0 = DocAppRelease|Win32
		{3DB607F3-3E96-459C-BCC8-EC17746903EC}.DocAppRelease|x64.ActiveCfg = DocAppRelease|Win32
		{3DB607F3-3E96-459C-BCC8-EC17746903EC}.DocAppRelease|x86.ActiveCfg = DocAppRelease|Win32
		{3DB607F3-3E96-459C-BCC8-EC17746903EC}.Release|Any CPU.ActiveCfg = Release|Win32
		{3DB607F3-3E96-459C-BCC8-EC17746903EC}.Release|Any CPU.Build.0 = Release|Win32
		{3DB607F3-3E96-459C-BCC8-EC17746903EC}.Release|Itanium.ActiveCfg = Release|Win32
		{3DB607F3-3E96-459C-BCC8-EC17746903EC}.Release|Mixed Platforms.ActiveCfg = Release|Win32
		{3DB607F3-3E96-459C-BCC8-EC17746903EC}.Release|Mixed Platforms.Build.0 = Release|Win32
		{3DB607F3-3E96-459C-BCC8-EC17746903EC}.Release|Win32.ActiveCfg = Release|Win32
		{3DB607F3-3E96-459C-BCC8-EC17746903EC}.Release|Win32.Build.0 = Release|Win32
		{3DB607F3-3E96-459C-BCC8-EC17746903EC}.Release|x64.ActiveCfg = Release|Win32
		{3DB607F3-3E96-459C-BCC8-EC17746903EC}.Release|x86.ActiveCfg = Release|Win32
		{3DB607F3-3E96-459C-BCC8-EC17746903EC}.ScriptAppDebug|Any CPU.ActiveCfg = ScriptAppDebug|Win32
		{3DB607F3-3E96-459C-BCC8-EC17746903EC}.ScriptAppDebug|Itanium.ActiveCfg = ScriptAppDebug|Win32
		{3DB607F3-3E96-459C-BCC8-EC17746903EC}.ScriptAppDebug|Mixed Platforms.ActiveCfg = ScriptAppDebug|Win32
		{3DB607F3-3E96-459C-BCC8-EC17746903EC}.ScriptAppDebug|Win32.ActiveCfg = ScriptAppDebug|Win32
		{3DB607F3-3E96-459C-BCC8-EC17746903EC}.ScriptAppDebug|Win32.Build.0 = ScriptAppDebug|Win32
		{3DB607F3-3E96-459C-BCC8-EC17746903EC}.ScriptAppDebug|x64.ActiveCfg = ScriptAppDebug|Win32
		{3DB607F3-3E96-459C-BCC8-EC17746903EC}.ScriptAppDebug|x86.ActiveCfg = ScriptAppDebug|Win32
		{3DB607F3-3E96-459C-BCC8-EC17746903EC}.ScriptAppRelease|Any CPU.ActiveCfg = ScriptAppRelease|Win32
		{3DB607F3-3E96-459C-BCC8-EC17746903EC}.ScriptAppRelease|Itanium.ActiveCfg = ScriptAppRelease|Win32
		{3DB607F3-3E96-459C-BCC8-EC17746903EC}.ScriptAppRelease|Mixed Platforms.ActiveCfg = ScriptAppRelease|Win32
		{3DB607F3-3E96-459C-BCC8-EC17746903EC}.ScriptAppRelease|Win32.ActiveCfg = ScriptAppRelease|Win32
		{3DB607F3-3E96-459C-BCC8-EC17746903EC}.ScriptAppRelease|Win32.Build.0 = ScriptAppRelease|Win32
		{3DB607F3-3E96-459C-BCC8-EC17746903EC}.ScriptAppRelease|x64.ActiveCfg = ScriptAppRelease|Win32
		{3DB607F3-3E96-459C-BCC8-EC17746903EC}.ScriptAppRelease|x86.ActiveCfg = ScriptAppRelease|Win32
		{87CFC5D8-D3C2-4B66-ABDB-C2E3C593EF01}.Debug|Any CPU.ActiveCfg = Debug|Win32
		{87CFC5D8-D3C2-4B66-ABDB-C2E3C593EF01}.Debug|Itanium.ActiveCfg = Debug|Win32
		{87CFC5D8-D3C2-4B66-ABDB-C2E3C593EF01}.Debug|Mixed Platforms.ActiveCfg = Debug|Win32
		{87CFC5D8-D3C2-4B66-ABDB-C2E3C593EF01}.Debug|Mixed Platforms.Build.0 = Debug|Win32
		{87CFC5D8-D3C2-4B66-ABDB-C2E3C593EF01}.Debug|Win32.ActiveCfg = Debug|Win32
		{87CFC5D8-D3C2-4B66-ABDB-C2E3C593EF01}.Debug|Win32.Build.0 = Debug|Win32
		{87CFC5D8-D3C2-4B66-ABDB-C2E3C593EF01}.Debug|x64.ActiveCfg = Debug|Win32
		{87CFC5D8-D3C2-4B66-ABDB-C2E3C593EF01}.Debug|x86.ActiveCfg = Debug|Win32
		{87CFC5D8-D3C2-4B66-ABDB-C2E3C593EF01}.Debugger Debug|Any CPU.ActiveCfg = Debugger|Win32
		{87CFC5D8-D3C2-4B66-ABDB-C2E3C593EF01}.Debugger Debug|Itanium.ActiveCfg = ScriptAppRelease|Win32
		{87CFC5D8-D3C2-4B66-ABDB-C2E3C593EF01}.Debugger Debug|Itanium.Build.0 = ScriptAppRelease|Win32
		{87CFC5D8-D3C2-4B66-ABDB-C2E3C593EF01}.Debugger Debug|Mixed Platforms.ActiveCfg = Debugger|Win32
		{87CFC5D8-D3C2-4B66-ABDB-C2E3C593EF01}.Debugger Debug|Mixed Platforms.Build.0 = Debugger|Win32
		{87CFC5D8-D3C2-4B66-ABDB-C2E3C593EF01}.Debugger Debug|Win32.ActiveCfg = Debug|Win32
		{87CFC5D8-D3C2-4B66-ABDB-C2E3C593EF01}.Debugger Debug|Win32.Build.0 = Debug|Win32
		{87CFC5D8-D3C2-4B66-ABDB-C2E3C593EF01}.Debugger Debug|x64.ActiveCfg = ScriptAppRelease|Win32
		{87CFC5D8-D3C2-4B66-ABDB-C2E3C593EF01}.Debugger Debug|x64.Build.0 = ScriptAppRelease|Win32
		{87CFC5D8-D3C2-4B66-ABDB-C2E3C593EF01}.Debugger Debug|x86.ActiveCfg = Debugger|Win32
		{87CFC5D8-D3C2-4B66-ABDB-C2E3C593EF01}.Debugger|Any CPU.ActiveCfg = Debugger|Win32
		{87CFC5D8-D3C2-4B66-ABDB-C2E3C593EF01}.Debugger|Itanium.ActiveCfg = Debugger|Win32
		{87CFC5D8-D3C2-4B66-ABDB-C2E3C593EF01}.Debugger|Mixed Platforms.ActiveCfg = Debugger|Win32
		{87CFC5D8-D3C2-4B66-ABDB-C2E3C593EF01}.Debugger|Win32.ActiveCfg = Debugger|Win32
		{87CFC5D8-D3C2-4B66-ABDB-C2E3C593EF01}.Debugger|Win32.Build.0 = Debugger|Win32
		{87CFC5D8-D3C2-4B66-ABDB-C2E3C593EF01}.Debugger|x64.ActiveCfg = Debugger|Win32
		{87CFC5D8-D3C2-4B66-ABDB-C2E3C593EF01}.Debugger|x86.ActiveCfg = Debugger|Win32
		{87CFC5D8-D3C2-4B66-ABDB-C2E3C593EF01}.DocAppDebug|Any CPU.ActiveCfg = DocAppDebug|Win32
		{87CFC5D8-D3C2-4B66-ABDB-C2E3C593EF01}.DocAppDebug|Itanium.ActiveCfg = DocAppDebug|Win32
		{87CFC5D8-D3C2-4B66-ABDB-C2E3C593EF01}.DocAppDebug|Mixed Platforms.ActiveCfg = DocAppDebug|Win32
		{87CFC5D8-D3C2-4B66-ABDB-C2E3C593EF01}.DocAppDebug|Win32.ActiveCfg = DocAppDebug|Win32
		{87CFC5D8-D3C2-4B66-ABDB-C2E3C593EF01}.DocAppDebug|Win32.Build.0 = DocAppDebug|Win32
		{87CFC5D8-D3C2-4B66-ABDB-C2E3C593EF01}.DocAppDebug|x64.ActiveCfg = DocAppDebug|Win32
		{87CFC5D8-D3C2-4B66-ABDB-C2E3C593EF01}.DocAppDebug|x86.ActiveCfg = DocAppDebug|Win32
		{87CFC5D8-D3C2-4B66-ABDB-C2E3C593EF01}.DocAppRelease|Any CPU.ActiveCfg = DocAppRelease|Win32
		{87CFC5D8-D3C2-4B66-ABDB-C2E3C593EF01}.DocAppRelease|Itanium.ActiveCfg = DocAppRelease|Win32
		{87CFC5D8-D3C2-4B66-ABDB-C2E3C593EF01}.DocAppRelease|Mixed Platforms.ActiveCfg = DocAppRelease|Win32
		{87CFC5D8-D3C2-4B66-ABDB-C2E3C593EF01}.DocAppRelease|Win32.ActiveCfg = DocAppRelease|Win32
		{87CFC5D8-D3C2-4B66-ABDB-C2E3C593EF01}.DocAppRelease|Win32.Build.0 = DocAppRelease|Win32
		{87CFC5D8-D3C2-4B66-ABDB-C2E3C593EF01}.DocAppRelease|x64.ActiveCfg = DocAppRelease|Win32
		{87CFC5D8-D3C2-4B66-ABDB-C2E3C593EF01}.DocAppRelease|x86.ActiveCfg = DocAppRelease|Win32
		{87CFC5D8-D3C2-4B66-ABDB-C2E3C593EF01}.Release|Any CPU.ActiveCfg = Release|Win32
		{87CFC5D8-D3C2-4B66-ABDB-C2E3C593EF01}.Release|Any CPU.Build.0 = Release|Win32
		{87CFC5D8-D3C2-4B66-ABDB-C2E3C593EF01}.Release|Itanium.ActiveCfg = Release|Win32
		{87CFC5D8-D3C2-4B66-ABDB-C2E3C593EF01}.Release|Mixed Platforms.ActiveCfg = Release|Win32
		{87CFC5D8-D3C2-4B66-ABDB-C2E3C593EF01}.Release|Mixed Platforms.Build.0 = Release|Win32
		{87CFC5D8-D3C2-4B66-ABDB-C2E3C593EF01}.Release|Win32.ActiveCfg = Release|Win32
		{87CFC5D8-D3C2-4B66-ABDB-C2E3C593EF01}.Release|Win32.Build.0 = Release|Win32
		{87CFC5D8-D3C2-4B66-ABDB-C2E3C593EF01}.Release|x64.ActiveCfg = Release|Win32
		{87CFC5D8-D3C2-4B66-ABDB-C2E3C593EF01}.Release|x86.ActiveCfg = Release|Win32
		{87CFC5D8-D3C2-4B66-ABDB-C2E3C593EF01}.ScriptAppDebug|Any CPU.ActiveCfg = ScriptAppDebug|Win32
		{87CFC5D8-D3C2-4B66-ABDB-C2E3C593EF01}.ScriptAppDebug|Itanium.ActiveCfg = ScriptAppDebug|Win32
		{87CFC5D8-D3C2-4B66-ABDB-C2E3C593EF01}.ScriptAppDebug|Mixed Platforms.ActiveCfg = ScriptAppDebug|Win32
		{87CFC5D8-D3C2-4B66-ABDB-C2E3C593EF01}.ScriptAppDebug|Win32.ActiveCfg = ScriptAppDebug|Win32
		{87CFC5D8-D3C2-4B66-ABDB-C2E3C593EF01}.ScriptAppDebug|Win32.Build.0 = ScriptAppDebug|Win32
		{87CFC5D8-D3C2-4B66-ABDB-C2E3C593EF01}.ScriptAppDebug|x64.ActiveCfg = ScriptAppDebug|Win32
		{87CFC5D8-D3C2-4B66-ABDB-C2E3C593EF01}.ScriptAppDebug|x86.ActiveCfg = ScriptAppDebug|Win32
		{87CFC5D8-D3C2-4B66-ABDB-C2E3C593EF01}.ScriptAppRelease|Any CPU.ActiveCfg = ScriptAppRelease|Win32
		{87CFC5D8-D3C2-4B66-ABDB-C2E3C593EF01}.ScriptAppRelease|Itanium.ActiveCfg = ScriptAppRelease|Win32
		{87CFC5D8-D3C2-4B66-ABDB-C2E3C593EF01}.ScriptAppRelease|Mixed Platforms.ActiveCfg = ScriptAppRelease|Win32
		{87CFC5D8-D3C2-4B66-ABDB-C2E3C593EF01}.ScriptAppRelease|Win32.ActiveCfg = ScriptAppRelease|Win32
		{87CFC5D8-D3C2-4B66-ABDB-C2E3C593EF01}.ScriptAppRelease|Win32.Build.0 = ScriptAppRelease|Win32
		{87CFC5D8-D3C2-4B66-ABDB-C2E3C593EF01}.ScriptAppRelease|x64.ActiveCfg = ScriptAppRelease|Win32
		{87CFC5D8-D3C2-4B66-ABDB-C2E3C593EF01}.ScriptAppRelease|x86.ActiveCfg = ScriptAppRelease|Win32
		{48EFAC08-685D-45B9-B043-020308611494}.Debug|Any CPU.ActiveCfg = Debug|Win32
		{48EFAC08-685D-45B9-B043-020308611494}.Debug|Itanium.ActiveCfg = Debug|Win32
		{48EFAC08-685D-45B9-B043-020308611494}.Debug|Mixed Platforms.ActiveCfg = Debug|Win32
		{48EFAC08-685D-45B9-B043-020308611494}.Debug|Mixed Platforms.Build.0 = Debug|Win32
		{48EFAC08-685D-45B9-B043-020308611494}.Debug|Win32.ActiveCfg = Debug|Win32
		{48EFAC08-685D-45B9-B043-020308611494}.Debug|Win32.Build.0 = Debug|Win32
		{48EFAC08-685D-45B9-B043-020308611494}.Debug|x64.ActiveCfg = Debug|Win32
		{48EFAC08-685D-45B9-B043-020308611494}.Debug|x86.ActiveCfg = Debug|Win32
		{48EFAC08-685D-45B9-B043-020308611494}.Debugger Debug|Any CPU.ActiveCfg = Debugger|Win32
		{48EFAC08-685D-45B9-B043-020308611494}.Debugger Debug|Itanium.ActiveCfg = ScriptAppRelease|Win32
		{48EFAC08-685D-45B9-B043-020308611494}.Debugger Debug|Itanium.Build.0 = ScriptAppRelease|Win32
		{48EFAC08-685D-45B9-B043-020308611494}.Debugger Debug|Mixed Platforms.ActiveCfg = Debugger|Win32
		{48EFAC08-685D-45B9-B043-020308611494}.Debugger Debug|Mixed Platforms.Build.0 = Debugger|Win32
		{48EFAC08-685D-45B9-B043-020308611494}.Debugger Debug|Win32.ActiveCfg = Debug|Win32
		{48EFAC08-685D-45B9-B043-020308611494}.Debugger Debug|Win32.Build.0 = Debug|Win32
		{48EFAC08-685D-45B9-B043-020308611494}.Debugger Debug|x64.ActiveCfg = ScriptAppRelease|Win32
		{48EFAC08-685D-45B9-B043-020308611494}.Debugger Debug|x64.Build.0 = ScriptAppRelease|Win32
		{48EFAC08-685D-45B9-B043-020308611494}.Debugger Debug|x86.ActiveCfg = Debugger|Win32
		{48EFAC08-685D-45B9-B043-020308611494}.Debugger|Any CPU.ActiveCfg = Debugger|Win32
		{48EFAC08-685D-45B9-B043-020308611494}.Debugger|Itanium.ActiveCfg = Debugger|Win32
		{48EFAC08-685D-45B9-B043-020308611494}.Debugger|Mixed Platforms.ActiveCfg = Debugger|Win32
		{48EFAC08-685D-45B9-B043-020308611494}.Debugger|Win32.ActiveCfg = Debugger|Win32
		{48EFAC08-685D-45B9-B043-020308611494}.Debugger|Win32.Build.0 = Debugger|Win32
		{48EFAC08-685D-45B9-B043-020308611494}.Debugger|x64.ActiveCfg = Debugger|Win32
		{48EFAC08-685D-45B9-B043-020308611494}.Debugger|x86.ActiveCfg = Debugger|Win32
		{48EFAC08-685D-45B9-B043-020308611494}.DocAppDebug|Any CPU.ActiveCfg = DocAppDebug|Win32
		{48EFAC08-685D-45B9-B043-020308611494}.DocAppDebug|Itanium.ActiveCfg = DocAppDebug|Win32
		{48EFAC08-685D-45B9-B043-020308611494}.DocAppDebug|Mixed Platforms.ActiveCfg = DocAppDebug|Win32
		{48EFAC08-685D-45B9-B043-020308611494}.DocAppDebug|Win32.ActiveCfg = DocAppDebug|Win32
		{48EFAC08-685D-45B9-B043-020308611494}.DocAppDebug|Win32.Build.0 = DocAppDebug|Win32
		{48EFAC08-685D-45B9-B043-020308611494}.DocAppDebug|x64.ActiveCfg = DocAppDebug|Win32
		{48EFAC08-685D-45B9-B043-020308611494}.DocAppDebug|x86.ActiveCfg = DocAppDebug|Win32
		{48EFAC08-685D-45B9-B043-020308611494}.DocAppRelease|Any CPU.ActiveCfg = DocAppRelease|Win32
		{48EFAC08-685D-45B9-B043-020308611494}.DocAppRelease|Itanium.ActiveCfg = DocAppRelease|Win32
		{48EFAC08-685D-45B9-B043-020308611494}.DocAppRelease|Mixed Platforms.ActiveCfg = DocAppRelease|Win32
		{48EFAC08-685D-45B9-B043-020308611494}.DocAppRelease|Win32.ActiveCfg = DocAppRelease|Win32
		{48EFAC08-685D-45B9-B043-020308611494}.DocAppRelease|Win32.Build.0 = DocAppRelease|Win32
		{48EFAC08-685D-45B9-B043-020308611494}.DocAppRelease|x64.ActiveCfg = DocAppRelease|Win32
		{48EFAC08-685D-45B9-B043-020308611494}.DocAppRelease|x86.ActiveCfg = DocAppRelease|Win32
		{48EFAC08-685D-45B9-B043-020308611494}.Release|Any CPU.ActiveCfg = Release|Win32
		{48EFAC08-685D-45B9-B043-020308611494}.Release|Any CPU.Build.0 = Release|Win32
		{48EFAC08-685D-45B9-B043-020308611494}.Release|Itanium.ActiveCfg = Release|Win32
		{48EFAC08-685D-45B9-B043-020308611494}.Release|Mixed Platforms.ActiveCfg = Release|Win32
		{48EFAC08-685D-45B9-B043-020308611494}.Release|Mixed Platforms.Build.0 = Release|Win32
		{48EFAC08-685D-45B9-B043-020308611494}.Release|Win32.ActiveCfg = Release|Win32
		{48EFAC08-685D-45B9-B043-020308611494}.Release|Win32.Build.0 = Release|Win32
		{48EFAC08-685D-45B9-B043-020308611494}.Release|x64.ActiveCfg = Release|Win32
		{48EFAC08-685D-45B9-B043-020308611494}.Release|x86.ActiveCfg = Release|Win32
		{48EFAC08-685D-45B9-B043-020308611494}.ScriptAppDebug|Any CPU.ActiveCfg = ScriptAppDebug|Win32
		{48EFAC08-685D-45B9-B043-020308611494}.ScriptAppDebug|Itanium.ActiveCfg = ScriptAppDebug|Win32
		{48EFAC08-685D-45B9-B043-020308611494}.ScriptAppDebug|Mixed Platforms.ActiveCfg = ScriptAppDebug|Win32
		{48EFAC08-685D-45B9-B043-020308611494}.ScriptAppDebug|Win32.ActiveCfg = ScriptAppDebug|Win32
		{48EFAC08-685D-45B9-B043-020308611494}.ScriptAppDebug|Win32.Build.0 = ScriptAppDebug|Win32
		{48EFAC08-685D-45B9-B043-020308611494}.ScriptAppDebug|x64.ActiveCfg = ScriptAppDebug|Win32
		{48EFAC08-685D-45B9-B043-020308611494}.ScriptAppDebug|x86.ActiveCfg = ScriptAppDebug|Win32
		{48EFAC08-685D-45B9-B043-020308611494}.ScriptAppRelease|Any CPU.ActiveCfg = ScriptAppRelease|Win32
		{48EFAC08-685D-45B9-B043-020308611494}.ScriptAppRelease|Itanium.ActiveCfg = ScriptAppRelease|Win32
		{48EFAC08-685D-45B9-B043-020308611494}.ScriptAppRelease|Mixed Platforms.ActiveCfg = ScriptAppRelease|Win32
		{48EFAC08-685D-45B9-B043-020308611494}.ScriptAppRelease|Win32.ActiveCfg = ScriptAppRelease|Win32
		{48EFAC08-685D-45B9-B043-020308611494}.ScriptAppRelease|Win32.Build.0 = ScriptAppRelease|Win32
		{48EFAC08-685D-45B9-B043-020308611494}.ScriptAppRelease|x64.ActiveCfg = ScriptAppRelease|Win32
		{48EFAC08-685D-45B9-B043-020308611494}.ScriptAppRelease|x86.ActiveCfg = ScriptAppRelease|Win32
		{4283D7ED-2CFF-4506-B930-19F1C385B3BF}.Debug|Any CPU.ActiveCfg = Debug|Win32
		{4283D7ED-2CFF-4506-B930-19F1C385B3BF}.Debug|Itanium.ActiveCfg = Debug|Win32
		{4283D7ED-2CFF-4506-B930-19F1C385B3BF}.Debug|Mixed Platforms.ActiveCfg = Debug|Win32
		{4283D7ED-2CFF-4506-B930-19F1C385B3BF}.Debug|Mixed Platforms.Build.0 = Debug|Win32
		{4283D7ED-2CFF-4506-B930-19F1C385B3BF}.Debug|Win32.ActiveCfg = Debug|Win32
		{4283D7ED-2CFF-4506-B930-19F1C385B3BF}.Debug|Win32.Build.0 = Debug|Win32
		{4283D7ED-2CFF-4506-B930-19F1C385B3BF}.Debug|x64.ActiveCfg = Debug|Win32
		{4283D7ED-2CFF-4506-B930-19F1C385B3BF}.Debug|x86.ActiveCfg = Debug|Win32
		{4283D7ED-2CFF-4506-B930-19F1C385B3BF}.Debugger Debug|Any CPU.ActiveCfg = Debugger|Win32
		{4283D7ED-2CFF-4506-B930-19F1C385B3BF}.Debugger Debug|Itanium.ActiveCfg = Release|Win32
		{4283D7ED-2CFF-4506-B930-19F1C385B3BF}.Debugger Debug|Itanium.Build.0 = Release|Win32
		{4283D7ED-2CFF-4506-B930-19F1C385B3BF}.Debugger Debug|Mixed Platforms.ActiveCfg = Debugger|Win32
		{4283D7ED-2CFF-4506-B930-19F1C385B3BF}.Debugger Debug|Mixed Platforms.Build.0 = Debugger|Win32
		{4283D7ED-2CFF-4506-B930-19F1C385B3BF}.Debugger Debug|Win32.ActiveCfg = Debug|Win32
		{4283D7ED-2CFF-4506-B930-19F1C385B3BF}.Debugger Debug|Win32.Build.0 = Debug|Win32
		{4283D7ED-2CFF-4506-B930-19F1C385B3BF}.Debugger Debug|x64.ActiveCfg = Release|Win32
		{4283D7ED-2CFF-4506-B930-19F1C385B3BF}.Debugger Debug|x64.Build.0 = Release|Win32
		{4283D7ED-2CFF-4506-B930-19F1C385B3BF}.Debugger Debug|x86.ActiveCfg = Debugger|Win32
		{4283D7ED-2CFF-4506-B930-19F1C385B3BF}.Debugger|Any CPU.ActiveCfg = Debugger|Win32
		{4283D7ED-2CFF-4506-B930-19F1C385B3BF}.Debugger|Itanium.ActiveCfg = Debugger|Win32
		{4283D7ED-2CFF-4506-B930-19F1C385B3BF}.Debugger|Mixed Platforms.ActiveCfg = Debugger|Win32
		{4283D7ED-2CFF-4506-B930-19F1C385B3BF}.Debugger|Win32.ActiveCfg = Debugger|Win32
		{4283D7ED-2CFF-4506-B930-19F1C385B3BF}.Debugger|Win32.Build.0 = Debugger|Win32
		{4283D7ED-2CFF-4506-B930-19F1C385B3BF}.Debugger|x64.ActiveCfg = Debugger|Win32
		{4283D7ED-2CFF-4506-B930-19F1C385B3BF}.Debugger|x86.ActiveCfg = Debugger|Win32
		{4283D7ED-2CFF-4506-B930-19F1C385B3BF}.DocAppDebug|Any CPU.ActiveCfg = Debug|Win32
		{4283D7ED-2CFF-4506-B930-19F1C385B3BF}.DocAppDebug|Itanium.ActiveCfg = Release|Win32
		{4283D7ED-2CFF-4506-B930-19F1C385B3BF}.DocAppDebug|Itanium.Build.0 = Release|Win32
		{4283D7ED-2CFF-4506-B930-19F1C385B3BF}.DocAppDebug|Mixed Platforms.ActiveCfg = Debug|Win32
		{4283D7ED-2CFF-4506-B930-19F1C385B3BF}.DocAppDebug|Mixed Platforms.Build.0 = Debug|Win32
		{4283D7ED-2CFF-4506-B930-19F1C385B3BF}.DocAppDebug|Win32.ActiveCfg = Debug|Win32
		{4283D7ED-2CFF-4506-B930-19F1C385B3BF}.DocAppDebug|Win32.Build.0 = Debug|Win32
		{4283D7ED-2CFF-4506-B930-19F1C385B3BF}.DocAppDebug|x64.ActiveCfg = Release|Win32
		{4283D7ED-2CFF-4506-B930-19F1C385B3BF}.DocAppDebug|x64.Build.0 = Release|Win32
		{4283D7ED-2CFF-4506-B930-19F1C385B3BF}.DocAppDebug|x86.ActiveCfg = Debug|Win32
		{4283D7ED-2CFF-4506-B930-19F1C385B3BF}.DocAppRelease|Any CPU.ActiveCfg = Release|Win32
		{4283D7ED-2CFF-4506-B930-19F1C385B3BF}.DocAppRelease|Itanium.ActiveCfg = Release|Win32
		{4283D7ED-2CFF-4506-B930-19F1C385B3BF}.DocAppRelease|Itanium.Build.0 = Release|Win32
		{4283D7ED-2CFF-4506-B930-19F1C385B3BF}.DocAppRelease|Mixed Platforms.ActiveCfg = Release|Win32
		{4283D7ED-2CFF-4506-B930-19F1C385B3BF}.DocAppRelease|Mixed Platforms.Build.0 = Release|Win32
		{4283D7ED-2CFF-4506-B930-19F1C385B3BF}.DocAppRelease|Win32.ActiveCfg = Release|Win32
		{4283D7ED-2CFF-4506-B930-19F1C385B3BF}.DocAppRelease|Win32.Build.0 = Release|Win32
		{4283D7ED-2CFF-4506-B930-19F1C385B3BF}.DocAppRelease|x64.ActiveCfg = Release|Win32
		{4283D7ED-2CFF-4506-B930-19F1C385B3BF}.DocAppRelease|x64.Build.0 = Release|Win32
		{4283D7ED-2CFF-4506-B930-19F1C385B3BF}.DocAppRelease|x86.ActiveCfg = Release|Win32
		{4283D7ED-2CFF-4506-B930-19F1C385B3BF}.Release|Any CPU.ActiveCfg = Release|Win32
		{4283D7ED-2CFF-4506-B930-19F1C385B3BF}.Release|Any CPU.Build.0 = Release|Win32
		{4283D7ED-2CFF-4506-B930-19F1C385B3BF}.Release|Itanium.ActiveCfg = Release|Win32
		{4283D7ED-2CFF-4506-B930-19F1C385B3BF}.Release|Mixed Platforms.ActiveCfg = Release|Win32
		{4283D7ED-2CFF-4506-B930-19F1C385B3BF}.Release|Mixed Platforms.Build.0 = Release|Win32
		{4283D7ED-2CFF-4506-B930-19F1C385B3BF}.Release|Win32.ActiveCfg = Release|Win32
		{4283D7ED-2CFF-4506-B930-19F1C385B3BF}.Release|Win32.Build.0 = Release|Win32
		{4283D7ED-2CFF-4506-B930-19F1C385B3BF}.Release|x64.ActiveCfg = Release|Win32
		{4283D7ED-2CFF-4506-B930-19F1C385B3BF}.Release|x86.ActiveCfg = Release|Win32
		{4283D7ED-2CFF-4506-B930-19F1C385B3BF}.ScriptAppDebug|Any CPU.ActiveCfg = Debug|Win32
		{4283D7ED-2CFF-4506-B930-19F1C385B3BF}.ScriptAppDebug|Itanium.ActiveCfg = Release|Win32
		{4283D7ED-2CFF-4506-B930-19F1C385B3BF}.ScriptAppDebug|Itanium.Build.0 = Release|Win32
		{4283D7ED-2CFF-4506-B930-19F1C385B3BF}.ScriptAppDebug|Mixed Platforms.ActiveCfg = Debug|Win32
		{4283D7ED-2CFF-4506-B930-19F1C385B3BF}.ScriptAppDebug|Mixed Platforms.Build.0 = Debug|Win32
		{4283D7ED-2CFF-4506-B930-19F1C385B3BF}.ScriptAppDebug|Win32.ActiveCfg = Debug|Win32
		{4283D7ED-2CFF-4506-B930-19F1C385B3BF}.ScriptAppDebug|Win32.Build.0 = Debug|Win32
		{4283D7ED-2CFF-4506-B930-19F1C385B3BF}.ScriptAppDebug|x64.ActiveCfg = Release|Win32
		{4283D7ED-2CFF-4506-B930-19F1C385B3BF}.ScriptAppDebug|x64.Build.0 = Release|Win32
		{4283D7ED-2CFF-4506-B930-19F1C385B3BF}.ScriptAppDebug|x86.ActiveCfg = Debug|Win32
		{4283D7ED-2CFF-4506-B930-19F1C385B3BF}.ScriptAppRelease|Any CPU.ActiveCfg = Release|Win32
		{4283D7ED-2CFF-4506-B930-19F1C385B3BF}.ScriptAppRelease|Itanium.ActiveCfg = Release|Win32
		{4283D7ED-2CFF-4506-B930-19F1C385B3BF}.ScriptAppRelease|Itanium.Build.0 = Release|Win32
		{4283D7ED-2CFF-4506-B930-19F1C385B3BF}.ScriptAppRelease|Mixed Platforms.ActiveCfg = Release|Win32
		{4283D7ED-2CFF-4506-B930-19F1C385B3BF}.ScriptAppRelease|Mixed Platforms.Build.0 = Release|Win32
		{4283D7ED-2CFF-4506-B930-19F1C385B3BF}.ScriptAppRelease|Win32.ActiveCfg = Release|Win32
		{4283D7ED-2CFF-4506-B930-19F1C385B3BF}.ScriptAppRelease|Win32.Build.0 = Release|Win32
		{4283D7ED-2CFF-4506-B930-19F1C385B3BF}.ScriptAppRelease|x64.ActiveCfg = Release|Win32
		{4283D7ED-2CFF-4506-B930-19F1C385B3BF}.ScriptAppRelease|x64.Build.0 = Release|Win32
		{4283D7ED-2CFF-4506-B930-19F1C385B3BF}.ScriptAppRelease|x86.ActiveCfg = Release|Win32
		{BA8819FB-3B0E-44C7-AB4C-446728F751CE}.Debug|Any CPU.ActiveCfg = Debug|x86
		{BA8819FB-3B0E-44C7-AB4C-446728F751CE}.Debug|Itanium.ActiveCfg = Debug|x86
		{BA8819FB-3B0E-44C7-AB4C-446728F751CE}.Debug|Mixed Platforms.ActiveCfg = Debug|x86
		{BA8819FB-3B0E-44C7-AB4C-446728F751CE}.Debug|Mixed Platforms.Build.0 = Debug|x86
		{BA8819FB-3B0E-44C7-AB4C-446728F751CE}.Debug|Win32.ActiveCfg = Debug|x86
		{BA8819FB-3B0E-44C7-AB4C-446728F751CE}.Debug|x64.ActiveCfg = Debug|x86
		{BA8819FB-3B0E-44C7-AB4C-446728F751CE}.Debug|x86.ActiveCfg = Debug|x86
		{BA8819FB-3B0E-44C7-AB4C-446728F751CE}.Debug|x86.Build.0 = Debug|x86
		{BA8819FB-3B0E-44C7-AB4C-446728F751CE}.Debugger Debug|Any CPU.ActiveCfg = Debug|x86
		{BA8819FB-3B0E-44C7-AB4C-446728F751CE}.Debugger Debug|Any CPU.Build.0 = Debug|x86
		{BA8819FB-3B0E-44C7-AB4C-446728F751CE}.Debugger Debug|Itanium.ActiveCfg = Debugger Debug|x86
		{BA8819FB-3B0E-44C7-AB4C-446728F751CE}.Debugger Debug|Mixed Platforms.ActiveCfg = Debugger Debug|x86
		{BA8819FB-3B0E-44C7-AB4C-446728F751CE}.Debugger Debug|Mixed Platforms.Build.0 = Debugger Debug|x86
		{BA8819FB-3B0E-44C7-AB4C-446728F751CE}.Debugger Debug|Win32.ActiveCfg = Debugger Debug|x86
		{BA8819FB-3B0E-44C7-AB4C-446728F751CE}.Debugger Debug|x64.ActiveCfg = Debugger Debug|x86
		{BA8819FB-3B0E-44C7-AB4C-446728F751CE}.Debugger Debug|x86.ActiveCfg = Debugger Debug|x86
		{BA8819FB-3B0E-44C7-AB4C-446728F751CE}.Debugger Debug|x86.Build.0 = Debugger Debug|x86
		{BA8819FB-3B0E-44C7-AB4C-446728F751CE}.Debugger|Any CPU.ActiveCfg = Debugger|x86
		{BA8819FB-3B0E-44C7-AB4C-446728F751CE}.Debugger|Any CPU.Build.0 = Debugger|x86
		{BA8819FB-3B0E-44C7-AB4C-446728F751CE}.Debugger|Itanium.ActiveCfg = Debugger|x86
		{BA8819FB-3B0E-44C7-AB4C-446728F751CE}.Debugger|Mixed Platforms.ActiveCfg = Debugger|x86
		{BA8819FB-3B0E-44C7-AB4C-446728F751CE}.Debugger|Mixed Platforms.Build.0 = Debugger|x86
		{BA8819FB-3B0E-44C7-AB4C-446728F751CE}.Debugger|Win32.ActiveCfg = Debugger|x86
		{BA8819FB-3B0E-44C7-AB4C-446728F751CE}.Debugger|x64.ActiveCfg = Debugger|x86
		{BA8819FB-3B0E-44C7-AB4C-446728F751CE}.Debugger|x86.ActiveCfg = Debugger|x86
		{BA8819FB-3B0E-44C7-AB4C-446728F751CE}.Debugger|x86.Build.0 = Debugger|x86
		{BA8819FB-3B0E-44C7-AB4C-446728F751CE}.DocAppDebug|Any CPU.ActiveCfg = Debug|x86
		{BA8819FB-3B0E-44C7-AB4C-446728F751CE}.DocAppDebug|Itanium.ActiveCfg = Release|x86
		{BA8819FB-3B0E-44C7-AB4C-446728F751CE}.DocAppDebug|Itanium.Build.0 = Release|x86
		{BA8819FB-3B0E-44C7-AB4C-446728F751CE}.DocAppDebug|Mixed Platforms.ActiveCfg = Debug|x86
		{BA8819FB-3B0E-44C7-AB4C-446728F751CE}.DocAppDebug|Mixed Platforms.Build.0 = Debug|x86
		{BA8819FB-3B0E-44C7-AB4C-446728F751CE}.DocAppDebug|Win32.ActiveCfg = Debug|x86
		{BA8819FB-3B0E-44C7-AB4C-446728F751CE}.DocAppDebug|x64.ActiveCfg = Release|x86
		{BA8819FB-3B0E-44C7-AB4C-446728F751CE}.DocAppDebug|x64.Build.0 = Release|x86
		{BA8819FB-3B0E-44C7-AB4C-446728F751CE}.DocAppDebug|x86.ActiveCfg = Debug|x86
		{BA8819FB-3B0E-44C7-AB4C-446728F751CE}.DocAppDebug|x86.Build.0 = Debug|x86
		{BA8819FB-3B0E-44C7-AB4C-446728F751CE}.DocAppRelease|Any CPU.ActiveCfg = Release|x86
		{BA8819FB-3B0E-44C7-AB4C-446728F751CE}.DocAppRelease|Itanium.ActiveCfg = Release|x86
		{BA8819FB-3B0E-44C7-AB4C-446728F751CE}.DocAppRelease|Itanium.Build.0 = Release|x86
		{BA8819FB-3B0E-44C7-AB4C-446728F751CE}.DocAppRelease|Mixed Platforms.ActiveCfg = Release|x86
		{BA8819FB-3B0E-44C7-AB4C-446728F751CE}.DocAppRelease|Mixed Platforms.Build.0 = Release|x86
		{BA8819FB-3B0E-44C7-AB4C-446728F751CE}.DocAppRelease|Win32.ActiveCfg = Release|x86
		{BA8819FB-3B0E-44C7-AB4C-446728F751CE}.DocAppRelease|x64.ActiveCfg = Release|x86
		{BA8819FB-3B0E-44C7-AB4C-446728F751CE}.DocAppRelease|x64.Build.0 = Release|x86
		{BA8819FB-3B0E-44C7-AB4C-446728F751CE}.DocAppRelease|x86.ActiveCfg = Release|x86
		{BA8819FB-3B0E-44C7-AB4C-446728F751CE}.DocAppRelease|x86.Build.0 = Release|x86
		{BA8819FB-3B0E-44C7-AB4C-446728F751CE}.Release|Any CPU.ActiveCfg = Release|x86
		{BA8819FB-3B0E-44C7-AB4C-446728F751CE}.Release|Itanium.ActiveCfg = Release|x86
		{BA8819FB-3B0E-44C7-AB4C-446728F751CE}.Release|Mixed Platforms.ActiveCfg = Release|x86
		{BA8819FB-3B0E-44C7-AB4C-446728F751CE}.Release|Mixed Platforms.Build.0 = Release|x86
		{BA8819FB-3B0E-44C7-AB4C-446728F751CE}.Release|Win32.ActiveCfg = Release|x86
		{BA8819FB-3B0E-44C7-AB4C-446728F751CE}.Release|x64.ActiveCfg = Release|x86
		{BA8819FB-3B0E-44C7-AB4C-446728F751CE}.Release|x86.ActiveCfg = Release|x86
		{BA8819FB-3B0E-44C7-AB4C-446728F751CE}.Release|x86.Build.0 = Release|x86
		{BA8819FB-3B0E-44C7-AB4C-446728F751CE}.ScriptAppDebug|Any CPU.ActiveCfg = Debug|x86
		{BA8819FB-3B0E-44C7-AB4C-446728F751CE}.ScriptAppDebug|Itanium.ActiveCfg = Release|x86
		{BA8819FB-3B0E-44C7-AB4C-446728F751CE}.ScriptAppDebug|Itanium.Build.0 = Release|x86
		{BA8819FB-3B0E-44C7-AB4C-446728F751CE}.ScriptAppDebug|Mixed Platforms.ActiveCfg = Debug|x86
		{BA8819FB-3B0E-44C7-AB4C-446728F751CE}.ScriptAppDebug|Mixed Platforms.Build.0 = Debug|x86
		{BA8819FB-3B0E-44C7-AB4C-446728F751CE}.ScriptAppDebug|Win32.ActiveCfg = Debug|x86
		{BA8819FB-3B0E-44C7-AB4C-446728F751CE}.ScriptAppDebug|x64.ActiveCfg = Release|x86
		{BA8819FB-3B0E-44C7-AB4C-446728F751CE}.ScriptAppDebug|x64.Build.0 = Release|x86
		{BA8819FB-3B0E-44C7-AB4C-446728F751CE}.ScriptAppDebug|x86.ActiveCfg = Debug|x86
		{BA8819FB-3B0E-44C7-AB4C-446728F751CE}.ScriptAppDebug|x86.Build.0 = Debug|x86
		{BA8819FB-3B0E-44C7-AB4C-446728F751CE}.ScriptAppRelease|Any CPU.ActiveCfg = Release|x86
		{BA8819FB-3B0E-44C7-AB4C-446728F751CE}.ScriptAppRelease|Itanium.ActiveCfg = Release|x86
		{BA8819FB-3B0E-44C7-AB4C-446728F751CE}.ScriptAppRelease|Itanium.Build.0 = Release|x86
		{BA8819FB-3B0E-44C7-AB4C-446728F751CE}.ScriptAppRelease|Mixed Platforms.ActiveCfg = Release|x86
		{BA8819FB-3B0E-44C7-AB4C-446728F751CE}.ScriptAppRelease|Mixed Platforms.Build.0 = Release|x86
		{BA8819FB-3B0E-44C7-AB4C-446728F751CE}.ScriptAppRelease|Win32.ActiveCfg = Release|x86
		{BA8819FB-3B0E-44C7-AB4C-446728F751CE}.ScriptAppRelease|x64.ActiveCfg = Release|x86
		{BA8819FB-3B0E-44C7-AB4C-446728F751CE}.ScriptAppRelease|x64.Build.0 = Release|x86
		{BA8819FB-3B0E-44C7-AB4C-446728F751CE}.ScriptAppRelease|x86.ActiveCfg = Release|x86
		{BA8819FB-3B0E-44C7-AB4C-446728F751CE}.ScriptAppRelease|x86.Build.0 = Release|x86
		{745DEC58-EBB3-47A9-A9B8-4C6627C01BF8}.Debug|Any CPU.ActiveCfg = Debug|Win32
		{745DEC58-EBB3-47A9-A9B8-4C6627C01BF8}.Debug|Itanium.ActiveCfg = Debug|Win32
		{745DEC58-EBB3-47A9-A9B8-4C6627C01BF8}.Debug|Mixed Platforms.ActiveCfg = Debug|Win32
		{745DEC58-EBB3-47A9-A9B8-4C6627C01BF8}.Debug|Mixed Platforms.Build.0 = Debug|Win32
		{745DEC58-EBB3-47A9-A9B8-4C6627C01BF8}.Debug|Win32.ActiveCfg = Debug|Win32
		{745DEC58-EBB3-47A9-A9B8-4C6627C01BF8}.Debug|Win32.Build.0 = Debug|Win32
		{745DEC58-EBB3-47A9-A9B8-4C6627C01BF8}.Debug|x64.ActiveCfg = Debug|x64
		{745DEC58-EBB3-47A9-A9B8-4C6627C01BF8}.Debug|x64.Build.0 = Debug|x64
		{745DEC58-EBB3-47A9-A9B8-4C6627C01BF8}.Debug|x86.ActiveCfg = Debug|Win32
		{745DEC58-EBB3-47A9-A9B8-4C6627C01BF8}.Debug|x86.Build.0 = Debug|Win32
		{745DEC58-EBB3-47A9-A9B8-4C6627C01BF8}.Debugger Debug|Any CPU.ActiveCfg = Debug|Win32
		{745DEC58-EBB3-47A9-A9B8-4C6627C01BF8}.Debugger Debug|Any CPU.Build.0 = Debug|Win32
		{745DEC58-EBB3-47A9-A9B8-4C6627C01BF8}.Debugger Debug|Itanium.ActiveCfg = Debug|Win32
		{745DEC58-EBB3-47A9-A9B8-4C6627C01BF8}.Debugger Debug|Itanium.Build.0 = Debug|Win32
		{745DEC58-EBB3-47A9-A9B8-4C6627C01BF8}.Debugger Debug|Mixed Platforms.ActiveCfg = Debug|Win32
		{745DEC58-EBB3-47A9-A9B8-4C6627C01BF8}.Debugger Debug|Mixed Platforms.Build.0 = Debug|Win32
		{745DEC58-EBB3-47A9-A9B8-4C6627C01BF8}.Debugger Debug|Win32.ActiveCfg = Debug|Win32
		{745DEC58-EBB3-47A9-A9B8-4C6627C01BF8}.Debugger Debug|Win32.Build.0 = Debug|Win32
		{745DEC58-EBB3-47A9-A9B8-4C6627C01BF8}.Debugger Debug|x64.ActiveCfg = Debug|x64
		{745DEC58-EBB3-47A9-A9B8-4C6627C01BF8}.Debugger Debug|x64.Build.0 = Debug|x64
		{745DEC58-EBB3-47A9-A9B8-4C6627C01BF8}.Debugger Debug|x86.ActiveCfg = Debug|Win32
		{745DEC58-EBB3-47A9-A9B8-4C6627C01BF8}.Debugger Debug|x86.Build.0 = Debug|Win32
		{745DEC58-EBB3-47A9-A9B8-4C6627C01BF8}.Debugger|Any CPU.ActiveCfg = Debug|Win32
		{745DEC58-EBB3-47A9-A9B8-4C6627C01BF8}.Debugger|Any CPU.Build.0 = Debug|Win32
		{745DEC58-EBB3-47A9-A9B8-4C6627C01BF8}.Debugger|Itanium.ActiveCfg = Debug|Win32
		{745DEC58-EBB3-47A9-A9B8-4C6627C01BF8}.Debugger|Itanium.Build.0 = Debug|Win32
		{745DEC58-EBB3-47A9-A9B8-4C6627C01BF8}.Debugger|Mixed Platforms.ActiveCfg = Debug|Win32
		{745DEC58-EBB3-47A9-A9B8-4C6627C01BF8}.Debugger|Mixed Platforms.Build.0 = Debug|Win32
		{745DEC58-EBB3-47A9-A9B8-4C6627C01BF8}.Debugger|Win32.ActiveCfg = Debug|Win32
		{745DEC58-EBB3-47A9-A9B8-4C6627C01BF8}.Debugger|Win32.Build.0 = Debug|Win32
		{745DEC58-EBB3-47A9-A9B8-4C6627C01BF8}.Debugger|x64.ActiveCfg = Debug|x64
		{745DEC58-EBB3-47A9-A9B8-4C6627C01BF8}.Debugger|x64.Build.0 = Debug|x64
		{745DEC58-EBB3-47A9-A9B8-4C6627C01BF8}.Debugger|x86.ActiveCfg = Debug|Win32
		{745DEC58-EBB3-47A9-A9B8-4C6627C01BF8}.Debugger|x86.Build.0 = Debug|Win32
		{745DEC58-EBB3-47A9-A9B8-4C6627C01BF8}.DocAppDebug|Any CPU.ActiveCfg = Debug|Win32
		{745DEC58-EBB3-47A9-A9B8-4C6627C01BF8}.DocAppDebug|Any CPU.Build.0 = Debug|Win32
		{745DEC58-EBB3-47A9-A9B8-4C6627C01BF8}.DocAppDebug|Itanium.ActiveCfg = Debug|Win32
		{745DEC58-EBB3-47A9-A9B8-4C6627C01BF8}.DocAppDebug|Itanium.Build.0 = Debug|Win32
		{745DEC58-EBB3-47A9-A9B8-4C6627C01BF8}.DocAppDebug|Mixed Platforms.ActiveCfg = Debug|Win32
		{745DEC58-EBB3-47A9-A9B8-4C6627C01BF8}.DocAppDebug|Mixed Platforms.Build.0 = Debug|Win32
		{745DEC58-EBB3-47A9-A9B8-4C6627C01BF8}.DocAppDebug|Win32.ActiveCfg = Debug|Win32
		{745DEC58-EBB3-47A9-A9B8-4C6627C01BF8}.DocAppDebug|Win32.Build.0 = Debug|Win32
		{745DEC58-EBB3-47A9-A9B8-4C6627C01BF8}.DocAppDebug|x64.ActiveCfg = Debug|x64
		{745DEC58-EBB3-47A9-A9B8-4C6627C01BF8}.DocAppDebug|x64.Build.0 = Debug|x64
		{745DEC58-EBB3-47A9-A9B8-4C6627C01BF8}.DocAppDebug|x86.ActiveCfg = Debug|Win32
		{745DEC58-EBB3-47A9-A9B8-4C6627C01BF8}.DocAppDebug|x86.Build.0 = Debug|Win32
		{745DEC58-EBB3-47A9-A9B8-4C6627C01BF8}.DocAppRelease|Any CPU.ActiveCfg = Debug|Win32
		{745DEC58-EBB3-47A9-A9B8-4C6627C01BF8}.DocAppRelease|Any CPU.Build.0 = Debug|Win32
		{745DEC58-EBB3-47A9-A9B8-4C6627C01BF8}.DocAppRelease|Itanium.ActiveCfg = Debug|Win32
		{745DEC58-EBB3-47A9-A9B8-4C6627C01BF8}.DocAppRelease|Itanium.Build.0 = Debug|Win32
		{745DEC58-EBB3-47A9-A9B8-4C6627C01BF8}.DocAppRelease|Mixed Platforms.ActiveCfg = Release|Win32
		{745DEC58-EBB3-47A9-A9B8-4C6627C01BF8}.DocAppRelease|Mixed Platforms.Build.0 = Release|Win32
		{745DEC58-EBB3-47A9-A9B8-4C6627C01BF8}.DocAppRelease|Win32.ActiveCfg = Release|Win32
		{745DEC58-EBB3-47A9-A9B8-4C6627C01BF8}.DocAppRelease|Win32.Build.0 = Release|Win32
		{745DEC58-EBB3-47A9-A9B8-4C6627C01BF8}.DocAppRelease|x64.ActiveCfg = Release|x64
		{745DEC58-EBB3-47A9-A9B8-4C6627C01BF8}.DocAppRelease|x64.Build.0 = Release|x64
		{745DEC58-EBB3-47A9-A9B8-4C6627C01BF8}.DocAppRelease|x86.ActiveCfg = Release|Win32
		{745DEC58-EBB3-47A9-A9B8-4C6627C01BF8}.DocAppRelease|x86.Build.0 = Release|Win32
		{745DEC58-EBB3-47A9-A9B8-4C6627C01BF8}.Release|Any CPU.ActiveCfg = Release|Win32
		{745DEC58-EBB3-47A9-A9B8-4C6627C01BF8}.Release|Itanium.ActiveCfg = Release|Win32
		{745DEC58-EBB3-47A9-A9B8-4C6627C01BF8}.Release|Mixed Platforms.ActiveCfg = Release|Win32
		{745DEC58-EBB3-47A9-A9B8-4C6627C01BF8}.Release|Mixed Platforms.Build.0 = Release|Win32
		{745DEC58-EBB3-47A9-A9B8-4C6627C01BF8}.Release|Win32.ActiveCfg = Release|Win32
		{745DEC58-EBB3-47A9-A9B8-4C6627C01BF8}.Release|Win32.Build.0 = Release|Win32
		{745DEC58-EBB3-47A9-A9B8-4C6627C01BF8}.Release|x64.ActiveCfg = Release|x64
		{745DEC58-EBB3-47A9-A9B8-4C6627C01BF8}.Release|x64.Build.0 = Release|x64
		{745DEC58-EBB3-47A9-A9B8-4C6627C01BF8}.Release|x86.ActiveCfg = Release|Win32
		{745DEC58-EBB3-47A9-A9B8-4C6627C01BF8}.Release|x86.Build.0 = Release|Win32
		{745DEC58-EBB3-47A9-A9B8-4C6627C01BF8}.ScriptAppDebug|Any CPU.ActiveCfg = Debug|Win32
		{745DEC58-EBB3-47A9-A9B8-4C6627C01BF8}.ScriptAppDebug|Any CPU.Build.0 = Debug|Win32
		{745DEC58-EBB3-47A9-A9B8-4C6627C01BF8}.ScriptAppDebug|Itanium.ActiveCfg = Debug|Win32
		{745DEC58-EBB3-47A9-A9B8-4C6627C01BF8}.ScriptAppDebug|Itanium.Build.0 = Debug|Win32
		{745DEC58-EBB3-47A9-A9B8-4C6627C01BF8}.ScriptAppDebug|Mixed Platforms.ActiveCfg = Debug|Win32
		{745DEC58-EBB3-47A9-A9B8-4C6627C01BF8}.ScriptAppDebug|Mixed Platforms.Build.0 = Debug|Win32
		{745DEC58-EBB3-47A9-A9B8-4C6627C01BF8}.ScriptAppDebug|Win32.ActiveCfg = Debug|Win32
		{745DEC58-EBB3-47A9-A9B8-4C6627C01BF8}.ScriptAppDebug|Win32.Build.0 = Debug|Win32
		{745DEC58-EBB3-47A9-A9B8-4C6627C01BF8}.ScriptAppDebug|x64.ActiveCfg = Debug|x64
		{745DEC58-EBB3-47A9-A9B8-4C6627C01BF8}.ScriptAppDebug|x64.Build.0 = Debug|x64
		{745DEC58-EBB3-47A9-A9B8-4C6627C01BF8}.ScriptAppDebug|x86.ActiveCfg = Debug|Win32
		{745DEC58-EBB3-47A9-A9B8-4C6627C01BF8}.ScriptAppDebug|x86.Build.0 = Debug|Win32
		{745DEC58-EBB3-47A9-A9B8-4C6627C01BF8}.ScriptAppRelease|Any CPU.ActiveCfg = Debug|Win32
		{745DEC58-EBB3-47A9-A9B8-4C6627C01BF8}.ScriptAppRelease|Any CPU.Build.0 = Debug|Win32
		{745DEC58-EBB3-47A9-A9B8-4C6627C01BF8}.ScriptAppRelease|Itanium.ActiveCfg = Debug|Win32
		{745DEC58-EBB3-47A9-A9B8-4C6627C01BF8}.ScriptAppRelease|Itanium.Build.0 = Debug|Win32
		{745DEC58-EBB3-47A9-A9B8-4C6627C01BF8}.ScriptAppRelease|Mixed Platforms.ActiveCfg = Release|Win32
		{745DEC58-EBB3-47A9-A9B8-4C6627C01BF8}.ScriptAppRelease|Mixed Platforms.Build.0 = Release|Win32
		{745DEC58-EBB3-47A9-A9B8-4C6627C01BF8}.ScriptAppRelease|Win32.ActiveCfg = Release|Win32
		{745DEC58-EBB3-47A9-A9B8-4C6627C01BF8}.ScriptAppRelease|Win32.Build.0 = Release|Win32
		{745DEC58-EBB3-47A9-A9B8-4C6627C01BF8}.ScriptAppRelease|x64.ActiveCfg = Release|x64
		{745DEC58-EBB3-47A9-A9B8-4C6627C01BF8}.ScriptAppRelease|x64.Build.0 = Release|x64
		{745DEC58-EBB3-47A9-A9B8-4C6627C01BF8}.ScriptAppRelease|x86.ActiveCfg = Release|Win32
		{745DEC58-EBB3-47A9-A9B8-4C6627C01BF8}.ScriptAppRelease|x86.Build.0 = Release|Win32
		{8A6D737F-7D03-4847-9C65-2DC4D6FA3716}.Debug|Any CPU.ActiveCfg = Debug|Win32
		{8A6D737F-7D03-4847-9C65-2DC4D6FA3716}.Debug|Itanium.ActiveCfg = Debug|Win32
		{8A6D737F-7D03-4847-9C65-2DC4D6FA3716}.Debug|Mixed Platforms.ActiveCfg = Debug|Win32
		{8A6D737F-7D03-4847-9C65-2DC4D6FA3716}.Debug|Mixed Platforms.Build.0 = Debug|Win32
		{8A6D737F-7D03-4847-9C65-2DC4D6FA3716}.Debug|Win32.ActiveCfg = Debug|Win32
		{8A6D737F-7D03-4847-9C65-2DC4D6FA3716}.Debug|Win32.Build.0 = Debug|Win32
		{8A6D737F-7D03-4847-9C65-2DC4D6FA3716}.Debug|x64.ActiveCfg = Debug|Win32
		{8A6D737F-7D03-4847-9C65-2DC4D6FA3716}.Debug|x86.ActiveCfg = Debug|Win32
		{8A6D737F-7D03-4847-9C65-2DC4D6FA3716}.Debug|x86.Build.0 = Debug|Win32
		{8A6D737F-7D03-4847-9C65-2DC4D6FA3716}.Debugger Debug|Any CPU.ActiveCfg = Debug|Win32
		{8A6D737F-7D03-4847-9C65-2DC4D6FA3716}.Debugger Debug|Any CPU.Build.0 = Debug|Win32
		{8A6D737F-7D03-4847-9C65-2DC4D6FA3716}.Debugger Debug|Itanium.ActiveCfg = Debug|Win32
		{8A6D737F-7D03-4847-9C65-2DC4D6FA3716}.Debugger Debug|Itanium.Build.0 = Debug|Win32
		{8A6D737F-7D03-4847-9C65-2DC4D6FA3716}.Debugger Debug|Mixed Platforms.ActiveCfg = Debug|Win32
		{8A6D737F-7D03-4847-9C65-2DC4D6FA3716}.Debugger Debug|Mixed Platforms.Build.0 = Debug|Win32
		{8A6D737F-7D03-4847-9C65-2DC4D6FA3716}.Debugger Debug|Win32.ActiveCfg = Debug|Win32
		{8A6D737F-7D03-4847-9C65-2DC4D6FA3716}.Debugger Debug|Win32.Build.0 = Debug|Win32
		{8A6D737F-7D03-4847-9C65-2DC4D6FA3716}.Debugger Debug|x64.ActiveCfg = Debug|Win32
		{8A6D737F-7D03-4847-9C65-2DC4D6FA3716}.Debugger Debug|x64.Build.0 = Debug|Win32
		{8A6D737F-7D03-4847-9C65-2DC4D6FA3716}.Debugger Debug|x86.ActiveCfg = Debug|Win32
		{8A6D737F-7D03-4847-9C65-2DC4D6FA3716}.Debugger Debug|x86.Build.0 = Debug|Win32
		{8A6D737F-7D03-4847-9C65-2DC4D6FA3716}.Debugger|Any CPU.ActiveCfg = Debug|Win32
		{8A6D737F-7D03-4847-9C65-2DC4D6FA3716}.Debugger|Any CPU.Build.0 = Debug|Win32
		{8A6D737F-7D03-4847-9C65-2DC4D6FA3716}.Debugger|Itanium.ActiveCfg = Debug|Win32
		{8A6D737F-7D03-4847-9C65-2DC4D6FA3716}.Debugger|Itanium.Build.0 = Debug|Win32
		{8A6D737F-7D03-4847-9C65-2DC4D6FA3716}.Debugger|Mixed Platforms.ActiveCfg = Debug|Win32
		{8A6D737F-7D03-4847-9C65-2DC4D6FA3716}.Debugger|Mixed Platforms.Build.0 = Debug|Win32
		{8A6D737F-7D03-4847-9C65-2DC4D6FA3716}.Debugger|Win32.ActiveCfg = Debug|Win32
		{8A6D737F-7D03-4847-9C65-2DC4D6FA3716}.Debugger|Win32.Build.0 = Debug|Win32
		{8A6D737F-7D03-4847-9C65-2DC4D6FA3716}.Debugger|x64.ActiveCfg = Debug|Win32
		{8A6D737F-7D03-4847-9C65-2DC4D6FA3716}.Debugger|x64.Build.0 = Debug|Win32
		{8A6D737F-7D03-4847-9C65-2DC4D6FA3716}.Debugger|x86.ActiveCfg = Debug|Win32
		{8A6D737F-7D03-4847-9C65-2DC4D6FA3716}.Debugger|x86.Build.0 = Debug|Win32
		{8A6D737F-7D03-4847-9C65-2DC4D6FA3716}.DocAppDebug|Any CPU.ActiveCfg = Debug|Win32
		{8A6D737F-7D03-4847-9C65-2DC4D6FA3716}.DocAppDebug|Any CPU.Build.0 = Debug|Win32
		{8A6D737F-7D03-4847-9C65-2DC4D6FA3716}.DocAppDebug|Itanium.ActiveCfg = Debug|Win32
		{8A6D737F-7D03-4847-9C65-2DC4D6FA3716}.DocAppDebug|Itanium.Build.0 = Debug|Win32
		{8A6D737F-7D03-4847-9C65-2DC4D6FA3716}.DocAppDebug|Mixed Platforms.ActiveCfg = Debug|Win32
		{8A6D737F-7D03-4847-9C65-2DC4D6FA3716}.DocAppDebug|Mixed Platforms.Build.0 = Debug|Win32
		{8A6D737F-7D03-4847-9C65-2DC4D6FA3716}.DocAppDebug|Win32.ActiveCfg = Debug|Win32
		{8A6D737F-7D03-4847-9C65-2DC4D6FA3716}.DocAppDebug|Win32.Build.0 = Debug|Win32
		{8A6D737F-7D03-4847-9C65-2DC4D6FA3716}.DocAppDebug|x64.ActiveCfg = Debug|Win32
		{8A6D737F-7D03-4847-9C65-2DC4D6FA3716}.DocAppDebug|x64.Build.0 = Debug|Win32
		{8A6D737F-7D03-4847-9C65-2DC4D6FA3716}.DocAppDebug|x86.ActiveCfg = Debug|Win32
		{8A6D737F-7D03-4847-9C65-2DC4D6FA3716}.DocAppDebug|x86.Build.0 = Debug|Win32
		{8A6D737F-7D03-4847-9C65-2DC4D6FA3716}.DocAppRelease|Any CPU.ActiveCfg = Debug|Win32
		{8A6D737F-7D03-4847-9C65-2DC4D6FA3716}.DocAppRelease|Any CPU.Build.0 = Debug|Win32
		{8A6D737F-7D03-4847-9C65-2DC4D6FA3716}.DocAppRelease|Itanium.ActiveCfg = Debug|Win32
		{8A6D737F-7D03-4847-9C65-2DC4D6FA3716}.DocAppRelease|Itanium.Build.0 = Debug|Win32
		{8A6D737F-7D03-4847-9C65-2DC4D6FA3716}.DocAppRelease|Mixed Platforms.ActiveCfg = Release|Win32
		{8A6D737F-7D03-4847-9C65-2DC4D6FA3716}.DocAppRelease|Mixed Platforms.Build.0 = Release|Win32
		{8A6D737F-7D03-4847-9C65-2DC4D6FA3716}.DocAppRelease|Win32.ActiveCfg = Release|Win32
		{8A6D737F-7D03-4847-9C65-2DC4D6FA3716}.DocAppRelease|Win32.Build.0 = Release|Win32
		{8A6D737F-7D03-4847-9C65-2DC4D6FA3716}.DocAppRelease|x64.ActiveCfg = Debug|Win32
		{8A6D737F-7D03-4847-9C65-2DC4D6FA3716}.DocAppRelease|x64.Build.0 = Debug|Win32
		{8A6D737F-7D03-4847-9C65-2DC4D6FA3716}.DocAppRelease|x86.ActiveCfg = Release|Win32
		{8A6D737F-7D03-4847-9C65-2DC4D6FA3716}.DocAppRelease|x86.Build.0 = Release|Win32
		{8A6D737F-7D03-4847-9C65-2DC4D6FA3716}.Release|Any CPU.ActiveCfg = Release|Win32
		{8A6D737F-7D03-4847-9C65-2DC4D6FA3716}.Release|Itanium.ActiveCfg = Release|Win32
		{8A6D737F-7D03-4847-9C65-2DC4D6FA3716}.Release|Mixed Platforms.ActiveCfg = Release|Win32
		{8A6D737F-7D03-4847-9C65-2DC4D6FA3716}.Release|Mixed Platforms.Build.0 = Release|Win32
		{8A6D737F-7D03-4847-9C65-2DC4D6FA3716}.Release|Win32.ActiveCfg = Release|Win32
		{8A6D737F-7D03-4847-9C65-2DC4D6FA3716}.Release|Win32.Build.0 = Release|Win32
		{8A6D737F-7D03-4847-9C65-2DC4D6FA3716}.Release|x64.ActiveCfg = Release|Win32
		{8A6D737F-7D03-4847-9C65-2DC4D6FA3716}.Release|x86.ActiveCfg = Release|Win32
		{8A6D737F-7D03-4847-9C65-2DC4D6FA3716}.Release|x86.Build.0 = Release|Win32
		{8A6D737F-7D03-4847-9C65-2DC4D6FA3716}.ScriptAppDebug|Any CPU.ActiveCfg = Debug|Win32
		{8A6D737F-7D03-4847-9C65-2DC4D6FA3716}.ScriptAppDebug|Any CPU.Build.0 = Debug|Win32
		{8A6D737F-7D03-4847-9C65-2DC4D6FA3716}.ScriptAppDebug|Itanium.ActiveCfg = Debug|Win32
		{8A6D737F-7D03-4847-9C65-2DC4D6FA3716}.ScriptAppDebug|Itanium.Build.0 = Debug|Win32
		{8A6D737F-7D03-4847-9C65-2DC4D6FA3716}.ScriptAppDebug|Mixed Platforms.ActiveCfg = Debug|Win32
		{8A6D737F-7D03-4847-9C65-2DC4D6FA3716}.ScriptAppDebug|Mixed Platforms.Build.0 = Debug|Win32
		{8A6D737F-7D03-4847-9C65-2DC4D6FA3716}.ScriptAppDebug|Win32.ActiveCfg = Debug|Win32
		{8A6D737F-7D03-4847-9C65-2DC4D6FA3716}.ScriptAppDebug|Win32.Build.0 = Debug|Win32
		{8A6D737F-7D03-4847-9C65-2DC4D6FA3716}.ScriptAppDebug|x64.ActiveCfg = Debug|Win32
		{8A6D737F-7D03-4847-9C65-2DC4D6FA3716}.ScriptAppDebug|x64.Build.0 = Debug|Win32
		{8A6D737F-7D03-4847-9C65-2DC4D6FA3716}.ScriptAppDebug|x86.ActiveCfg = Debug|Win32
		{8A6D737F-7D03-4847-9C65-2DC4D6FA3716}.ScriptAppDebug|x86.Build.0 = Debug|Win32
		{8A6D737F-7D03-4847-9C65-2DC4D6FA3716}.ScriptAppRelease|Any CPU.ActiveCfg = Debug|Win32
		{8A6D737F-7D03-4847-9C65-2DC4D6FA3716}.ScriptAppRelease|Any CPU.Build.0 = Debug|Win32
		{8A6D737F-7D03-4847-9C65-2DC4D6FA3716}.ScriptAppRelease|Itanium.ActiveCfg = Debug|Win32
		{8A6D737F-7D03-4847-9C65-2DC4D6FA3716}.ScriptAppRelease|Itanium.Build.0 = Debug|Win32
		{8A6D737F-7D03-4847-9C65-2DC4D6FA3716}.ScriptAppRelease|Mixed Platforms.ActiveCfg = Release|Win32
		{8A6D737F-7D03-4847-9C65-2DC4D6FA3716}.ScriptAppRelease|Mixed Platforms.Build.0 = Release|Win32
		{8A6D737F-7D03-4847-9C65-2DC4D6FA3716}.ScriptAppRelease|Win32.ActiveCfg = Release|Win32
		{8A6D737F-7D03-4847-9C65-2DC4D6FA3716}.ScriptAppRelease|Win32.Build.0 = Release|Win32
		{8A6D737F-7D03-4847-9C65-2DC4D6FA3716}.ScriptAppRelease|x64.ActiveCfg = Debug|Win32
		{8A6D737F-7D03-4847-9C65-2DC4D6FA3716}.ScriptAppRelease|x64.Build.0 = Debug|Win32
		{8A6D737F-7D03-4847-9C65-2DC4D6FA3716}.ScriptAppRelease|x86.ActiveCfg = Release|Win32
		{8A6D737F-7D03-4847-9C65-2DC4D6FA3716}.ScriptAppRelease|x86.Build.0 = Release|Win32
		{2A4F1E89-71AC-46C3-A711-1A4D67ACCDF5}.Debug|Any CPU.ActiveCfg = Debug|Win32
		{2A4F1E89-71AC-46C3-A711-1A4D67ACCDF5}.Debug|Itanium.ActiveCfg = Debug|Win32
		{2A4F1E89-71AC-46C3-A711-1A4D67ACCDF5}.Debug|Mixed Platforms.ActiveCfg = Debug|Win32
		{2A4F1E89-71AC-46C3-A711-1A4D67ACCDF5}.Debug|Mixed Platforms.Build.0 = Debug|Win32
		{2A4F1E89-71AC-46C3-A711-1A4D67ACCDF5}.Debug|Win32.ActiveCfg = Debug|Win32
		{2A4F1E89-71AC-46C3-A711-1A4D67ACCDF5}.Debug|Win32.Build.0 = Debug|Win32
		{2A4F1E89-71AC-46C3-A711-1A4D67ACCDF5}.Debug|x64.ActiveCfg = Debug|x64
		{2A4F1E89-71AC-46C3-A711-1A4D67ACCDF5}.Debug|x64.Build.0 = Debug|x64
		{2A4F1E89-71AC-46C3-A711-1A4D67ACCDF5}.Debug|x86.ActiveCfg = Debug|Win32
		{2A4F1E89-71AC-46C3-A711-1A4D67ACCDF5}.Debug|x86.Build.0 = Debug|Win32
		{2A4F1E89-71AC-46C3-A711-1A4D67ACCDF5}.Debugger Debug|Any CPU.ActiveCfg = Debug|Win32
		{2A4F1E89-71AC-46C3-A711-1A4D67ACCDF5}.Debugger Debug|Any CPU.Build.0 = Debug|Win32
		{2A4F1E89-71AC-46C3-A711-1A4D67ACCDF5}.Debugger Debug|Itanium.ActiveCfg = Debug|Win32
		{2A4F1E89-71AC-46C3-A711-1A4D67ACCDF5}.Debugger Debug|Itanium.Build.0 = Debug|Win32
		{2A4F1E89-71AC-46C3-A711-1A4D67ACCDF5}.Debugger Debug|Mixed Platforms.ActiveCfg = Debug|Win32
		{2A4F1E89-71AC-46C3-A711-1A4D67ACCDF5}.Debugger Debug|Mixed Platforms.Build.0 = Debug|Win32
		{2A4F1E89-71AC-46C3-A711-1A4D67ACCDF5}.Debugger Debug|Win32.ActiveCfg = Debug|Win32
		{2A4F1E89-71AC-46C3-A711-1A4D67ACCDF5}.Debugger Debug|Win32.Build.0 = Debug|Win32
		{2A4F1E89-71AC-46C3-A711-1A4D67ACCDF5}.Debugger Debug|x64.ActiveCfg = Debug|x64
		{2A4F1E89-71AC-46C3-A711-1A4D67ACCDF5}.Debugger Debug|x64.Build.0 = Debug|x64
		{2A4F1E89-71AC-46C3-A711-1A4D67ACCDF5}.Debugger Debug|x86.ActiveCfg = Debug|Win32
		{2A4F1E89-71AC-46C3-A711-1A4D67ACCDF5}.Debugger Debug|x86.Build.0 = Debug|Win32
		{2A4F1E89-71AC-46C3-A711-1A4D67ACCDF5}.Debugger|Any CPU.ActiveCfg = Debug|Win32
		{2A4F1E89-71AC-46C3-A711-1A4D67ACCDF5}.Debugger|Any CPU.Build.0 = Debug|Win32
		{2A4F1E89-71AC-46C3-A711-1A4D67ACCDF5}.Debugger|Itanium.ActiveCfg = Debug|Win32
		{2A4F1E89-71AC-46C3-A711-1A4D67ACCDF5}.Debugger|Itanium.Build.0 = Debug|Win32
		{2A4F1E89-71AC-46C3-A711-1A4D67ACCDF5}.Debugger|Mixed Platforms.ActiveCfg = Debug|Win32
		{2A4F1E89-71AC-46C3-A711-1A4D67ACCDF5}.Debugger|Mixed Platforms.Build.0 = Debug|Win32
		{2A4F1E89-71AC-46C3-A711-1A4D67ACCDF5}.Debugger|Win32.ActiveCfg = Debug|Win32
		{2A4F1E89-71AC-46C3-A711-1A4D67ACCDF5}.Debugger|Win32.Build.0 = Debug|Win32
		{2A4F1E89-71AC-46C3-A711-1A4D67ACCDF5}.Debugger|x64.ActiveCfg = Debug|x64
		{2A4F1E89-71AC-46C3-A711-1A4D67ACCDF5}.Debugger|x64.Build.0 = Debug|x64
		{2A4F1E89-71AC-46C3-A711-1A4D67ACCDF5}.Debugger|x86.ActiveCfg = Debug|Win32
		{2A4F1E89-71AC-46C3-A711-1A4D67ACCDF5}.Debugger|x86.Build.0 = Debug|Win32
		{2A4F1E89-71AC-46C3-A711-1A4D67ACCDF5}.DocAppDebug|Any CPU.ActiveCfg = Debug|Win32
		{2A4F1E89-71AC-46C3-A711-1A4D67ACCDF5}.DocAppDebug|Any CPU.Build.0 = Debug|Win32
		{2A4F1E89-71AC-46C3-A711-1A4D67ACCDF5}.DocAppDebug|Itanium.ActiveCfg = Debug|Win32
		{2A4F1E89-71AC-46C3-A711-1A4D67ACCDF5}.DocAppDebug|Itanium.Build.0 = Debug|Win32
		{2A4F1E89-71AC-46C3-A711-1A4D67ACCDF5}.DocAppDebug|Mixed Platforms.ActiveCfg = Debug|Win32
		{2A4F1E89-71AC-46C3-A711-1A4D67ACCDF5}.DocAppDebug|Mixed Platforms.Build.0 = Debug|Win32
		{2A4F1E89-71AC-46C3-A711-1A4D67ACCDF5}.DocAppDebug|Win32.ActiveCfg = Debug|Win32
		{2A4F1E89-71AC-46C3-A711-1A4D67ACCDF5}.DocAppDebug|Win32.Build.0 = Debug|Win32
		{2A4F1E89-71AC-46C3-A711-1A4D67ACCDF5}.DocAppDebug|x64.ActiveCfg = Debug|x64
		{2A4F1E89-71AC-46C3-A711-1A4D67ACCDF5}.DocAppDebug|x64.Build.0 = Debug|x64
		{2A4F1E89-71AC-46C3-A711-1A4D67ACCDF5}.DocAppDebug|x86.ActiveCfg = Debug|Win32
		{2A4F1E89-71AC-46C3-A711-1A4D67ACCDF5}.DocAppDebug|x86.Build.0 = Debug|Win32
		{2A4F1E89-71AC-46C3-A711-1A4D67ACCDF5}.DocAppRelease|Any CPU.ActiveCfg = Debug|Win32
		{2A4F1E89-71AC-46C3-A711-1A4D67ACCDF5}.DocAppRelease|Any CPU.Build.0 = Debug|Win32
		{2A4F1E89-71AC-46C3-A711-1A4D67ACCDF5}.DocAppRelease|Itanium.ActiveCfg = Debug|Win32
		{2A4F1E89-71AC-46C3-A711-1A4D67ACCDF5}.DocAppRelease|Itanium.Build.0 = Debug|Win32
		{2A4F1E89-71AC-46C3-A711-1A4D67ACCDF5}.DocAppRelease|Mixed Platforms.ActiveCfg = Release|Win32
		{2A4F1E89-71AC-46C3-A711-1A4D67ACCDF5}.DocAppRelease|Mixed Platforms.Build.0 = Release|Win32
		{2A4F1E89-71AC-46C3-A711-1A4D67ACCDF5}.DocAppRelease|Win32.ActiveCfg = Release|Win32
		{2A4F1E89-71AC-46C3-A711-1A4D67ACCDF5}.DocAppRelease|Win32.Build.0 = Release|Win32
		{2A4F1E89-71AC-46C3-A711-1A4D67ACCDF5}.DocAppRelease|x64.ActiveCfg = Release|x64
		{2A4F1E89-71AC-46C3-A711-1A4D67ACCDF5}.DocAppRelease|x64.Build.0 = Release|x64
		{2A4F1E89-71AC-46C3-A711-1A4D67ACCDF5}.DocAppRelease|x86.ActiveCfg = Release|Win32
		{2A4F1E89-71AC-46C3-A711-1A4D67ACCDF5}.DocAppRelease|x86.Build.0 = Release|Win32
		{2A4F1E89-71AC-46C3-A711-1A4D67ACCDF5}.Release|Any CPU.ActiveCfg = Release|Win32
		{2A4F1E89-71AC-46C3-A711-1A4D67ACCDF5}.Release|Itanium.ActiveCfg = Release|Win32
		{2A4F1E89-71AC-46C3-A711-1A4D67ACCDF5}.Release|Mixed Platforms.ActiveCfg = Release|Win32
		{2A4F1E89-71AC-46C3-A711-1A4D67ACCDF5}.Release|Mixed Platforms.Build.0 = Release|Win32
		{2A4F1E89-71AC-46C3-A711-1A4D67ACCDF5}.Release|Win32.ActiveCfg = Release|Win32
		{2A4F1E89-71AC-46C3-A711-1A4D67ACCDF5}.Release|Win32.Build.0 = Release|Win32
		{2A4F1E89-71AC-46C3-A711-1A4D67ACCDF5}.Release|x64.ActiveCfg = Release|x64
		{2A4F1E89-71AC-46C3-A711-1A4D67ACCDF5}.Release|x64.Build.0 = Release|x64
		{2A4F1E89-71AC-46C3-A711-1A4D67ACCDF5}.Release|x86.ActiveCfg = Release|Win32
		{2A4F1E89-71AC-46C3-A711-1A4D67ACCDF5}.Release|x86.Build.0 = Release|Win32
		{2A4F1E89-71AC-46C3-A711-1A4D67ACCDF5}.ScriptAppDebug|Any CPU.ActiveCfg = Debug|Win32
		{2A4F1E89-71AC-46C3-A711-1A4D67ACCDF5}.ScriptAppDebug|Any CPU.Build.0 = Debug|Win32
		{2A4F1E89-71AC-46C3-A711-1A4D67ACCDF5}.ScriptAppDebug|Itanium.ActiveCfg = Debug|Win32
		{2A4F1E89-71AC-46C3-A711-1A4D67ACCDF5}.ScriptAppDebug|Itanium.Build.0 = Debug|Win32
		{2A4F1E89-71AC-46C3-A711-1A4D67ACCDF5}.ScriptAppDebug|Mixed Platforms.ActiveCfg = Debug|Win32
		{2A4F1E89-71AC-46C3-A711-1A4D67ACCDF5}.ScriptAppDebug|Mixed Platforms.Build.0 = Debug|Win32
		{2A4F1E89-71AC-46C3-A711-1A4D67ACCDF5}.ScriptAppDebug|Win32.ActiveCfg = Debug|Win32
		{2A4F1E89-71AC-46C3-A711-1A4D67ACCDF5}.ScriptAppDebug|Win32.Build.0 = Debug|Win32
		{2A4F1E89-71AC-46C3-A711-1A4D67ACCDF5}.ScriptAppDebug|x64.ActiveCfg = Debug|x64
		{2A4F1E89-71AC-46C3-A711-1A4D67ACCDF5}.ScriptAppDebug|x64.Build.0 = Debug|x64
		{2A4F1E89-71AC-46C3-A711-1A4D67ACCDF5}.ScriptAppDebug|x86.ActiveCfg = Debug|Win32
		{2A4F1E89-71AC-46C3-A711-1A4D67ACCDF5}.ScriptAppDebug|x86.Build.0 = Debug|Win32
		{2A4F1E89-71AC-46C3-A711-1A4D67ACCDF5}.ScriptAppRelease|Any CPU.ActiveCfg = Debug|Win32
		{2A4F1E89-71AC-46C3-A711-1A4D67ACCDF5}.ScriptAppRelease|Any CPU.Build.0 = Debug|Win32
		{2A4F1E89-71AC-46C3-A711-1A4D67ACCDF5}.ScriptAppRelease|Itanium.ActiveCfg = Debug|Win32
		{2A4F1E89-71AC-46C3-A711-1A4D67ACCDF5}.ScriptAppRelease|Itanium.Build.0 = Debug|Win32
		{2A4F1E89-71AC-46C3-A711-1A4D67ACCDF5}.ScriptAppRelease|Mixed Platforms.ActiveCfg = Release|Win32
		{2A4F1E89-71AC-46C3-A711-1A4D67ACCDF5}.ScriptAppRelease|Mixed Platforms.Build.0 = Release|Win32
		{2A4F1E89-71AC-46C3-A711-1A4D67ACCDF5}.ScriptAppRelease|Win32.ActiveCfg = Release|Win32
		{2A4F1E89-71AC-46C3-A711-1A4D67ACCDF5}.ScriptAppRelease|Win32.Build.0 = Release|Win32
		{2A4F1E89-71AC-46C3-A711-1A4D67ACCDF5}.ScriptAppRelease|x64.ActiveCfg = Release|x64
		{2A4F1E89-71AC-46C3-A711-1A4D67ACCDF5}.ScriptAppRelease|x64.Build.0 = Release|x64
		{2A4F1E89-71AC-46C3-A711-1A4D67ACCDF5}.ScriptAppRelease|x86.ActiveCfg = Release|Win32
		{2A4F1E89-71AC-46C3-A711-1A4D67ACCDF5}.ScriptAppRelease|x86.Build.0 = Release|Win32
	EndGlobalSection
	GlobalSection(SolutionProperties) = preSolution
		HideSolutionNode = FALSE
	EndGlobalSection
	GlobalSection(NestedProjects) = preSolution
		{9880F60D-434C-4609-A86A-C2FB602A786C} = {3BED2A76-F280-402C-8054-2ED3EF1FCA15}
		{EDC12CA6-46B1-44F2-B2F5-2B00EEED9723} = {3BED2A76-F280-402C-8054-2ED3EF1FCA15}
		{3DB607F3-3E96-459C-BCC8-EC17746903EC} = {3BED2A76-F280-402C-8054-2ED3EF1FCA15}
		{87CFC5D8-D3C2-4B66-ABDB-C2E3C593EF01} = {3BED2A76-F280-402C-8054-2ED3EF1FCA15}
		{48EFAC08-685D-45B9-B043-020308611494} = {3BED2A76-F280-402C-8054-2ED3EF1FCA15}
		{4283D7ED-2CFF-4506-B930-19F1C385B3BF} = {3BED2A76-F280-402C-8054-2ED3EF1FCA15}
		{BA8819FB-3B0E-44C7-AB4C-446728F751CE} = {56C9E67C-B29B-462E-A463-D8043FADC90E}
		{745DEC58-EBB3-47A9-A9B8-4C6627C01BF8} = {7A3A6270-71BB-461D-8C6E-6487F32CFC31}
		{8A6D737F-7D03-4847-9C65-2DC4D6FA3716} = {7A3A6270-71BB-461D-8C6E-6487F32CFC31}
		{2A4F1E89-71AC-46C3-A711-1A4D67ACCDF5} = {7A3A6270-71BB-461D-8C6E-6487F32CFC31}
	EndGlobalSection
	GlobalSection(ExtensibilityGlobals) = postSolution
		SolutionGuid = {577A5728-7B43-436E-9BDF-A2622130B3B2}
	EndGlobalSection
EndGlobal
